	<Project xmlns="http://schemas.microsoft.com/developer/msbuild/2003">
		<PropertyGroup>
			<ProjectGuid>{B654CBBD-0809-4F27-B9D7-6E27FBCCC349}</ProjectGuid>
			<ProjectVersion>12.3</ProjectVersion>
			<MainSource>DatabaseTest.dpr</MainSource>
			<Base>True</Base>
			<Config Condition="'$(Config)'==''">Debug</Config>
			<Platform>Win32</Platform>
			<AppType>Application</AppType>
			<FrameworkType>VCL</FrameworkType>
			<DCC_DCCCompiler>DCC32</DCC_DCCCompiler>
		</PropertyGroup>
		<PropertyGroup Condition="'$(Config)'=='Base' or '$(Base)'!=''">
			<Base>true</Base>
		</PropertyGroup>
		<PropertyGroup Condition="'$(Config)'=='Debug' or '$(Cfg_1)'!=''">
			<Cfg_1>true</Cfg_1>
			<CfgParent>Base</CfgParent>
			<Base>true</Base>
		</PropertyGroup>
		<PropertyGroup Condition="'$(Config)'=='Release' or '$(Cfg_2)'!=''">
			<Cfg_2>true</Cfg_2>
			<CfgParent>Base</CfgParent>
			<Base>true</Base>
		</PropertyGroup>
		<PropertyGroup Condition="'$(Base)'!=''">
			<DCC_UNIT_PLATFORM>false</DCC_UNIT_PLATFORM>
			<DCC_SYMBOL_PLATFORM>false</DCC_SYMBOL_PLATFORM>
			<DCC_ImageBase>00400000</DCC_ImageBase>
			<DCC_DcuOutput>.\$(Config)\$(Platform)</DCC_DcuOutput>
			<DCC_UnitAlias>WinTypes=Windows;WinProcs=Windows;DbiTypes=BDE;DbiProcs=BDE;$(DCC_UnitAlias)</DCC_UnitAlias>
			<DCC_ExeOutput>.\$(Config)\$(Platform)</DCC_ExeOutput>
		</PropertyGroup>
		<PropertyGroup Condition="'$(Cfg_1)'!=''">
			<DCC_UnitSearchPath>D:\Prg\Public\CodeSnip\WC.exp\Src\DelphiCol\Release\Win32;$(DCC_UnitSearchPath)</DCC_UnitSearchPath>
			<DCC_ExeOutput>..\..\..\Exe</DCC_ExeOutput>
			<DCC_DcuOutput>..\..\..\Bin\DatabaseTest</DCC_DcuOutput>
			<DCC_Define>DEBUG;$(DCC_Define)</DCC_Define>
			<DCC_Optimize>false</DCC_Optimize>
			<DCC_GenerateStackFrames>true</DCC_GenerateStackFrames>
		</PropertyGroup>
		<PropertyGroup Condition="'$(Cfg_2)'!=''">
			<DCC_LocalDebugSymbols>false</DCC_LocalDebugSymbols>
			<DCC_Define>RELEASE;$(DCC_Define)</DCC_Define>
			<DCC_SymbolReferenceInfo>0</DCC_SymbolReferenceInfo>
			<DCC_DebugInformation>false</DCC_DebugInformation>
		</PropertyGroup>
		<ItemGroup>
			<DelphiCompile Include="DatabaseTest.dpr">
				<MainSource>MainSource</MainSource>
			</DelphiCompile>
			<DCCReference Include="FmTestMain.pas">
				<Form>Form1</Form>
			</DCCReference>
			<DCCReference Include="..\Engine\CS.Database.Types.pas"/>
			<DCCReference Include="..\Engine\CS.Database.Core.SnippetsTable.pas"/>
			<DCCReference Include="..\Extra\CS.Utils.Hashes.pas"/>
			<DCCReference Include="..\..\TrunkSrc\UConsts.pas"/>
			<DCCReference Include="..\..\TrunkSrc\UStrUtils.pas"/>
			<DCCReference Include="..\Extra\CS.Markup.pas"/>
			<DCCReference Include="..\Engine\CS.Database.Main.pas"/>
			<DCCReference Include="..\..\TrunkSrc\UBaseObjects.pas"/>
			<DCCReference Include="..\Engine\CS.Database.Snippets.pas"/>
			<DCCReference Include="..\..\TrunkSrc\UExceptions.pas"/>
			<DCCReference Include="..\..\TrunkSrc\UStructs.pas"/>
			<DCCReference Include="..\Extra\CS.Utils.Dates.pas"/>
			<DCCReference Include="..\..\TrunkSrc\UUtils.pas"/>
			<DCCReference Include="..\Engine\CS.Database.Core.Lookups.pas"/>
			<DCCReference Include="..\Engine\CS.Database.Exceptions.pas"/>
			<DCCReference Include="..\Engine\CS.Database.IO.Native.pas"/>
			<DCCReference Include="..\..\TrunkSrc\UIStringList.pas"/>
			<DCCReference Include="..\..\TrunkSrc\IntfCommon.pas"/>
			<DCCReference Include="..\..\TrunkSrc\UIOUtils.pas"/>
			<DCCReference Include="..\..\TrunkSrc\UDataStreamIO.pas"/>
			<DCCReference Include="..\..\TrunkSrc\3rdParty\PJStreamWrapper.pas"/>
			<DCCReference Include="..\..\TrunkSrc\UEncodings.pas"/>
			<DCCReference Include="..\..\TrunkSrc\ULocales.pas"/>
			<DCCReference Include="..\..\TrunkSrc\USystemInfo.pas"/>
			<DCCReference Include="..\..\TrunkSrc\3rdParty\PJSysInfo.pas"/>
			<DCCReference Include="..\..\SyntaxHighlighting\Languages\CS.SourceCode.Languages.pas"/>
			<DCCReference Include="..\..\SyntaxHighlighting\Highlighters\CS.SourceCode.Hiliter.Brushes.pas"/>
			<DCCReference Include="..\..\SyntaxHighlighting\SynEditUnits\SynEdit.pas"/>
			<DCCReference Include="..\..\SyntaxHighlighting\SynEditUnits\SynEditHighlighter.pas"/>
			<DCCReference Include="..\..\SyntaxHighlighting\SynEditUnits\SynEditHighlighterOptions.pas"/>
			<DCCReference Include="..\..\SyntaxHighlighting\SynEditUnits\SynEditKbdHandler.pas"/>
			<DCCReference Include="..\..\SyntaxHighlighting\SynEditUnits\SynEditKeyCmds.pas"/>
			<DCCReference Include="..\..\SyntaxHighlighting\SynEditUnits\SynEditKeyConst.pas"/>
			<DCCReference Include="..\..\SyntaxHighlighting\SynEditUnits\SynEditMiscClasses.pas"/>
			<DCCReference Include="..\..\SyntaxHighlighting\SynEditUnits\SynEditMiscProcs.pas"/>
			<DCCReference Include="..\..\SyntaxHighlighting\SynEditUnits\SynEditStrConst.pas"/>
			<DCCReference Include="..\..\SyntaxHighlighting\SynEditUnits\SynEditTextBuffer.pas"/>
			<DCCReference Include="..\..\SyntaxHighlighting\SynEditUnits\SynEditTypes.pas"/>
			<DCCReference Include="..\..\SyntaxHighlighting\SynEditUnits\SynEditWordWrap.pas"/>
			<DCCReference Include="..\..\SyntaxHighlighting\SynEditUnits\SynHighlighterHtml.pas"/>
			<DCCReference Include="..\..\SyntaxHighlighting\SynEditUnits\SynHighlighterJScript.pas"/>
			<DCCReference Include="..\..\SyntaxHighlighting\SynEditUnits\SynHighlighterMulti.pas"/>
			<DCCReference Include="..\..\SyntaxHighlighting\SynEditUnits\SynHighlighterPas.pas"/>
			<DCCReference Include="..\..\SyntaxHighlighting\SynEditUnits\SynHighlighterPHP.pas"/>
			<DCCReference Include="..\..\SyntaxHighlighting\SynEditUnits\SynRegExpr.pas"/>
			<DCCReference Include="..\..\SyntaxHighlighting\SynEditUnits\SynTextDrawer.pas"/>
			<DCCReference Include="..\..\SyntaxHighlighting\SynEditUnits\SynUnicode.pas"/>
			<DCCReference Include="..\..\TrunkSrc\Compilers.UGlobals.pas"/>
			<DCCReference Include="..\Engine\CS.Database.Tags.pas"/>
			<DCCReference Include="..\..\DelphiCol\Collections.Bags.pas"/>
			<DCCReference Include="..\..\DelphiCol\Collections.Base.pas"/>
			<DCCReference Include="..\..\DelphiCol\Collections.BidiDictionaries.pas"/>
			<DCCReference Include="..\..\DelphiCol\Collections.BidiMaps.pas"/>
			<DCCReference Include="..\..\DelphiCol\Collections.Dictionaries.pas"/>
			<DCCReference Include="..\..\DelphiCol\Collections.Dynamic.pas"/>
			<DCCReference Include="..\..\DelphiCol\Collections.Lists.pas"/>
			<DCCReference Include="..\..\DelphiCol\Collections.MultiMaps.pas"/>
			<DCCReference Include="..\..\DelphiCol\Collections.Queues.pas"/>
			<DCCReference Include="..\..\DelphiCol\Collections.Sets.pas"/>
			<DCCReference Include="..\..\DelphiCol\Collections.Stacks.pas"/>
			<BuildConfiguration Include="Release">
				<Key>Cfg_2</Key>
				<CfgParent>Base</CfgParent>
			</BuildConfiguration>
			<BuildConfiguration Include="Base">
				<Key>Base</Key>
			</BuildConfiguration>
			<BuildConfiguration Include="Debug">
				<Key>Cfg_1</Key>
				<CfgParent>Base</CfgParent>
			</BuildConfiguration>
		</ItemGroup>
		<Import Condition="Exists('$(BDS)\Bin\CodeGear.Delphi.Targets')" Project="$(BDS)\Bin\CodeGear.Delphi.Targets"/>
		<Import Condition="Exists('$(APPDATA)\Embarcadero\$(BDSAPPDATABASEDIR)\$(PRODUCTVERSION)\UserTools.proj')" Project="$(APPDATA)\Embarcadero\$(BDSAPPDATABASEDIR)\$(PRODUCTVERSION)\UserTools.proj"/>
		<ProjectExtensions>
			<Borland.Personality>Delphi.Personality.12</Borland.Personality>
			<Borland.ProjectType/>
			<BorlandProject>
				<Delphi.Personality>
					<VersionInfo>
						<VersionInfo Name="IncludeVerInfo">False</VersionInfo>
						<VersionInfo Name="AutoIncBuild">False</VersionInfo>
						<VersionInfo Name="MajorVer">1</VersionInfo>
						<VersionInfo Name="MinorVer">0</VersionInfo>
						<VersionInfo Name="Release">0</VersionInfo>
						<VersionInfo Name="Build">0</VersionInfo>
						<VersionInfo Name="Debug">False</VersionInfo>
						<VersionInfo Name="PreRelease">False</VersionInfo>
						<VersionInfo Name="Special">False</VersionInfo>
						<VersionInfo Name="Private">False</VersionInfo>
						<VersionInfo Name="DLL">False</VersionInfo>
						<VersionInfo Name="Locale">2057</VersionInfo>
						<VersionInfo Name="CodePage">1252</VersionInfo>
					</VersionInfo>
					<VersionInfoKeys>
						<VersionInfoKeys Name="CompanyName"/>
						<VersionInfoKeys Name="FileDescription"/>
						<VersionInfoKeys Name="FileVersion">1.0.0.0</VersionInfoKeys>
						<VersionInfoKeys Name="InternalName"/>
						<VersionInfoKeys Name="LegalCopyright"/>
						<VersionInfoKeys Name="LegalTrademarks"/>
						<VersionInfoKeys Name="OriginalFilename"/>
						<VersionInfoKeys Name="ProductName"/>
						<VersionInfoKeys Name="ProductVersion">1.0.0.0</VersionInfoKeys>
						<VersionInfoKeys Name="Comments"/>
					</VersionInfoKeys>
					<Source>
						<Source Name="MainSource">DatabaseTest.dpr</Source>
					</Source>
				</Delphi.Personality>
				<Platforms>
					<Platform value="Win32">True</Platform>
				</Platforms>
			</BorlandProject>
			<ProjectFileVersion>12</ProjectFileVersion>
		</ProjectExtensions>
	</Project>
