	<Project xmlns="http://schemas.microsoft.com/developer/msbuild/2003">
		<PropertyGroup>
			<ProjectGuid>{12EBB82F-DB1E-4ED7-8184-F67D91864C59}</ProjectGuid>
			<MainSource>CodeSnip.dpr</MainSource>
			<Config Condition="'$(Config)'==''">Base</Config>
			<DCC_DCCCompiler>DCC32</DCC_DCCCompiler>
			<ProjectVersion>12.3</ProjectVersion>
			<Base>True</Base>
			<Platform>Win32</Platform>
			<AppType>Application</AppType>
			<FrameworkType>VCL</FrameworkType>
		</PropertyGroup>
		<PropertyGroup Condition="'$(Config)'=='Base' or '$(Base)'!=''">
			<Base>true</Base>
		</PropertyGroup>
		<PropertyGroup Condition="'$(Base)'!=''">
			<DCC_UnitAlias>WinTypes=Windows;WinProcs=Windows;DbiTypes=BDE;DbiProcs=BDE;DbiErrs=BDE;$(DCC_UnitAlias)</DCC_UnitAlias>
			<DCC_SYMBOL_PLATFORM>false</DCC_SYMBOL_PLATFORM>
			<DCC_ExeOutput>..\Exe</DCC_ExeOutput>
			<DCC_UnitSearchPath>..\Bin;3rdParty;$(DCC_UnitSearchPath)</DCC_UnitSearchPath>
			<DCC_DependencyCheckOutputName>..\Exe\CodeSnip.exe</DCC_DependencyCheckOutputName>
			<DCC_CVT_WIDENING_STRING_LOST>true</DCC_CVT_WIDENING_STRING_LOST>
			<DCC_CVT_ACHAR_TO_WCHAR>true</DCC_CVT_ACHAR_TO_WCHAR>
			<DCC_Platform>x86</DCC_Platform>
			<DCC_EXPLICIT_STRING_CAST_LOSS>true</DCC_EXPLICIT_STRING_CAST_LOSS>
			<DCC_ImageBase>00400000</DCC_ImageBase>
			<DCC_K>false</DCC_K>
			<DCC_N>true</DCC_N>
			<DCC_S>false</DCC_S>
			<DCC_F>false</DCC_F>
			<DCC_SymbolReferenceInfo>1</DCC_SymbolReferenceInfo>
			<DCC_DcuOutput>..\Bin</DCC_DcuOutput>
			<DCC_E>false</DCC_E>
		</PropertyGroup>
		<ItemGroup>
			<DelphiCompile Include="CodeSnip.dpr">
				<MainSource>MainSource</MainSource>
			</DelphiCompile>
			<DCCReference Include="3rdParty\GIFImage.pas"/>
			<DCCReference Include="3rdParty\LVEx.pas"/>
			<DCCReference Include="3rdParty\PJMD5.pas"/>
			<DCCReference Include="3rdParty\PJShellFolders.pas"/>
			<DCCReference Include="3rdParty\PJStreamWrapper.pas"/>
			<DCCReference Include="3rdParty\PJSysInfo.pas"/>
			<DCCReference Include="3rdParty\PJVersionInfo.pas"/>
			<DCCReference Include="3rdParty\PJWdwState.pas"/>
			<DCCReference Include="3rdParty\UEncrypt.pas"/>
			<DCCReference Include="AutoGen\IntfExternalObj.pas"/>
			<DCCReference Include="ActiveText.UHTMLRenderer.pas"/>
			<DCCReference Include="ActiveText.UMain.pas"/>
			<DCCReference Include="ActiveText.URTFRenderer.pas"/>
			<DCCReference Include="ActiveText.UTextRenderer.pas"/>
			<DCCReference Include="ActiveText.UValidator.pas"/>
			<DCCReference Include="Browser.IntfDocHostUI.pas"/>
			<DCCReference Include="Browser.UControlHelper.pas"/>
			<DCCReference Include="Browser.UController.pas"/>
			<DCCReference Include="Browser.UHighlighter.pas"/>
			<DCCReference Include="Browser.UHTMLEvents.pas"/>
			<DCCReference Include="Browser.UIOMgr.pas"/>
			<DCCReference Include="Browser.UNulUIHandler.pas"/>
			<DCCReference Include="Browser.UUIMgr.pas"/>
			<DCCReference Include="Compilers.UBDS.pas"/>
			<DCCReference Include="Compilers.UBorland.pas"/>
			<DCCReference Include="Compilers.UCompilerBase.pas"/>
			<DCCReference Include="Compilers.UCompilers.pas"/>
			<DCCReference Include="Compilers.UDelphi.pas"/>
			<DCCReference Include="Compilers.UFreePascal.pas"/>
			<DCCReference Include="Compilers.UGlobals.pas"/>
			<DCCReference Include="Compilers.URunner.pas"/>
			<DCCReference Include="Compilers.USearchDirs.pas"/>
			<DCCReference Include="DB.UCategory.pas"/>
			<DCCReference Include="DB.UDatabaseIO.pas"/>
			<DCCReference Include="DB.UMain.pas"/>
			<DCCReference Include="DB.UMetaData.pas"/>
			<DCCReference Include="DB.USnippet.pas"/>
			<DCCReference Include="DB.USnippetKind.pas"/>
			<DCCReference Include="DBIO.UFileIOIntf.pas"/>
			<DCCReference Include="DBIO.UIniDataReader.pas"/>
			<DCCReference Include="DBIO.UNulDataReader.pas"/>
			<DCCReference Include="DBIO.UXMLDataIO.pas"/>
			<DCCReference Include="Favourites.UManager.pas"/>
			<DCCReference Include="Favourites.UFavourites.pas"/>
			<DCCReference Include="Favourites.UPersist.pas"/>
			<DCCReference Include="FirstRun.FmV4ConfigDlg.pas">
				<Form>V4ConfigDlg</Form>
			</DCCReference>
			<DCCReference Include="FirstRun.UConfigFile.pas"/>
			<DCCReference Include="FirstRun.UDatabase.pas"/>
			<DCCReference Include="FirstRun.UIniFile.pas"/>
			<DCCReference Include="FirstRun.UInstallInfo.pas"/>
			<DCCReference Include="FirstRun.UMain.pas"/>
			<DCCReference Include="FmAboutDlg.pas">
				<Form>AboutDlg</Form>
			</DCCReference>
			<DCCReference Include="FmActiveTextPreviewDlg.pas">
				<Form>ActiveTextPreviewDlg</Form>
			</DCCReference>
			<DCCReference Include="FmAddCategoryDlg.pas">
				<Form>AddCategoryDlg</Form>
			</DCCReference>
			<DCCReference Include="FmBase.pas">
				<Form>BaseForm</Form>
			</DCCReference>
			<DCCReference Include="FmBugReportBaseDlg.pas">
				<Form>BugReportBaseDlg</Form>
			</DCCReference>
			<DCCReference Include="FmCategoryEditDlg.pas">
				<Form>CategoryEditDlg</Form>
			</DCCReference>
			<DCCReference Include="FmCodeExportDlg.pas">
				<Form>CodeExportDlg</Form>
			</DCCReference>
			<DCCReference Include="FmCodeImportDlg.pas">
				<Form>CodeImportDlg</Form>
			</DCCReference>
			<DCCReference Include="FmCompErrorDlg.pas">
				<Form>CompErrorDlg</Form>
			</DCCReference>
			<DCCReference Include="FmCompilersDlg.pas">
				<Form>CompilersDlg</Form>
			</DCCReference>
			<DCCReference Include="FmCompilersDlg.FrBase.pas">
				<Form>CompilersDlgBaseFrame</Form>
				<DesignClass>TFrame</DesignClass>
			</DCCReference>
			<DCCReference Include="FmCompilersDlg.FrCompiler.pas">
				<Form>CompilersDlgCompilerFrame</Form>
				<DesignClass>TFrame</DesignClass>
			</DCCReference>
			<DCCReference Include="FmCompilersDlg.FrLog.pas">
				<Form>CompilersDlgLogFrame</Form>
				<DesignClass>TFrame</DesignClass>
			</DCCReference>
			<DCCReference Include="FmCompilersDlg.FrNamespaces.pas">
				<Form>CompilersDlgNamespacesFrame</Form>
				<DesignClass>TFrame</DesignClass>
			</DCCReference>
			<DCCReference Include="FmCompilersDlg.FrSearchDirs.pas">
				<Form>CompilersDlgSearchDirsFrame</Form>
				<DesignClass>TFrame</DesignClass>
			</DCCReference>
			<DCCReference Include="FmCompilersDlg.FrSwitches.pas">
				<Form>CompilersDlgSwitchesFrame</Form>
				<DesignClass>TFrame</DesignClass>
			</DCCReference>
			<DCCReference Include="FmCompilersDlg.UBannerMgr.pas"/>
			<DCCReference Include="FmCompilersDlg.UCompilerListMgr.pas"/>
			<DCCReference Include="FmDBUpdateDlg.pas">
				<Form>DBUpdateDlg</Form>
			</DCCReference>
			<DCCReference Include="FmDeleteCategoryDlg.pas">
				<Form>DeleteCategoryDlg</Form>
			</DCCReference>
			<DCCReference Include="FmDependenciesDlg.pas">
				<Form>DependenciesDlg</Form>
			</DCCReference>
			<DCCReference Include="FmDuplicateSnippetDlg.pas">
				<Form>DuplicateSnippetDlg</Form>
			</DCCReference>
			<DCCReference Include="FmEasterEgg.pas">
				<Form>EasterEggForm</Form>
			</DCCReference>
			<DCCReference Include="FmFavouritesDlg.pas">
				<Form>FavouritesDlg</Form>
			</DCCReference>
			<DCCReference Include="FmFindCompilerDlg.pas">
				<Form>FindCompilerDlg</Form>
			</DCCReference>
			<DCCReference Include="FmFindTextDlg.pas">
				<Form>FindTextDlg</Form>
			</DCCReference>
			<DCCReference Include="FmFindXRefsDlg.pas">
				<Form>FindXRefsDlg</Form>
			</DCCReference>
			<DCCReference Include="FmGenericDlg.pas">
				<Form>GenericDlg</Form>
			</DCCReference>
			<DCCReference Include="FmGenericModalDlg.pas">
				<Form>GenericModalDlg</Form>
			</DCCReference>
			<DCCReference Include="FmGenericNonModalDlg.pas">
				<Form>GenericNonModalDlg</Form>
			</DCCReference>
			<DCCReference Include="FmGenericOKDlg.pas">
				<Form>GenericOKDlg</Form>
			</DCCReference>
			<DCCReference Include="FmGenericViewDlg.pas">
				<Form>GenericViewDlg</Form>
			</DCCReference>
			<DCCReference Include="FmHelpAware.pas">
				<Form>HelpAwareForm</Form>
			</DCCReference>
			<DCCReference Include="FmMain.pas">
				<Form>MainForm</Form>
			</DCCReference>
			<DCCReference Include="FmNewHiliterNameDlg.pas">
				<Form>NewHiliterNameDlg</Form>
			</DCCReference>
			<DCCReference Include="FmPreferencesDlg.pas">
				<Form>PreferencesDlg</Form>
			</DCCReference>
			<DCCReference Include="FmPreviewDlg.pas">
				<Form>PreviewDlg</Form>
			</DCCReference>
			<DCCReference Include="FmPrintDlg.pas">
				<Form>PrintDlg</Form>
			</DCCReference>
			<DCCReference Include="FmRenameCategoryDlg.pas">
				<Form>RenameCategoryDlg</Form>
			</DCCReference>
			<DCCReference Include="FmSelectionSearchDlg.pas">
				<Form>SelectionSearchDlg</Form>
			</DCCReference>
			<DCCReference Include="FmSnippetsEditorDlg.pas">
				<Form>SnippetsEditorDlg</Form>
			</DCCReference>
			<DCCReference Include="FmSnippetsEditorDlg.FrActiveTextEditor.pas">
				<Form>SnippetsActiveTextEdFrame</Form>
				<DesignClass>TFrame</DesignClass>
			</DCCReference>
			<DCCReference Include="FmSplash.pas">
				<Form>SplashForm</Form>
			</DCCReference>
			<DCCReference Include="FmSWAGImportDlg.pas">
				<Form>SWAGImportDlg</Form>
			</DCCReference>
			<DCCReference Include="FmTestCompileDlg.pas">
				<Form>TestCompileDlg</Form>
			</DCCReference>
			<DCCReference Include="FmTrappedBugReportDlg.pas">
				<Form>TrappedBugReportDlg</Form>
			</DCCReference>
			<DCCReference Include="FmUserBugReportDlg.pas">
				<Form>UserBugReportDlg</Form>
			</DCCReference>
			<DCCReference Include="FmUserDataPathDlg.pas">
				<Form>UserDataPathDlg</Form>
			</DCCReference>
			<DCCReference Include="FrProgress.pas">
				<Form>ProgressFrame</Form>
				<DesignClass>TFrame</DesignClass>
			</DCCReference>
			<DCCReference Include="FmUserHiliterMgrDlg.pas">
				<Form>UserHiliterMgrDlg</Form>
			</DCCReference>
			<DCCReference Include="FmWaitDlg.pas">
				<Form>WaitDlg</Form>
			</DCCReference>
			<DCCReference Include="FmWizardDlg.pas">
				<Form>WizardDlg</Form>
			</DCCReference>
			<DCCReference Include="FrBrowserBase.pas">
				<Form>BrowserBaseFrame</Form>
				<DesignClass>TFrame</DesignClass>
			</DCCReference>
			<DCCReference Include="FrCategoryDescEdit.pas">
				<Form>CategoryDescEditFrame</Form>
				<DesignClass>TFrame</DesignClass>
			</DCCReference>
			<DCCReference Include="FrCategoryList.pas">
				<Form>CategoryListFrame</Form>
				<DesignClass>TFrame</DesignClass>
			</DCCReference>
			<DCCReference Include="FrCodeGenPrefs.pas">
				<Form>CodeGenPrefsFrame</Form>
				<DesignClass>TFrame</DesignClass>
			</DCCReference>
			<DCCReference Include="FrDetail.pas">
				<Form>DetailFrame</Form>
				<DesignClass>TFrame</DesignClass>
			</DCCReference>
			<DCCReference Include="FrDetailView.pas">
				<Form>DetailViewFrame</Form>
				<DesignClass>TFrame</DesignClass>
			</DCCReference>
			<DCCReference Include="FrDisplayPrefs.pas">
				<Form>DisplayPrefsFrame</Form>
				<DesignClass>TFrame</DesignClass>
			</DCCReference>
			<DCCReference Include="FrEasterEgg.pas">
				<Form>EasterEggFrame</Form>
				<DesignClass>TFrame</DesignClass>
			</DCCReference>
			<DCCReference Include="FrFixedHTMLDlg.pas">
				<Form>FixedHTMLDlgFrame</Form>
				<DesignClass>TFrame</DesignClass>
			</DCCReference>
			<DCCReference Include="FrGeneralPrefs.pas">
				<Form>GeneralPrefsFrame</Form>
				<DesignClass>TFrame</DesignClass>
			</DCCReference>
			<DCCReference Include="FrHiliterPrefs.pas">
				<Form>HiliterPrefsFrame</Form>
				<DesignClass>TFrame</DesignClass>
			</DCCReference>
			<DCCReference Include="FrHTMLDlg.pas">
				<Form>HTMLDlgFrame</Form>
				<DesignClass>TFrame</DesignClass>
			</DCCReference>
			<DCCReference Include="FrHTMLPreview.pas">
				<Form>HTMLPreviewFrame</Form>
				<DesignClass>TFrame</DesignClass>
			</DCCReference>
			<DCCReference Include="FrHTMLTpltDlg.pas">
				<Form>HTMLTpltDlgFrame</Form>
				<DesignClass>TFrame</DesignClass>
			</DCCReference>
			<DCCReference Include="FrMemoPreview.pas">
				<Form>MemoPreviewFrame</Form>
				<DesignClass>TFrame</DesignClass>
			</DCCReference>
			<DCCReference Include="FrOverview.pas">
				<Form>OverviewFrame</Form>
				<DesignClass>TFrame</DesignClass>
			</DCCReference>
			<DCCReference Include="FrPrefsBase.pas">
				<Form>PrefsBaseFrame</Form>
				<DesignClass>TFrame</DesignClass>
			</DCCReference>
			<DCCReference Include="FrPrintingPrefs.pas">
				<Form>PrintingPrefsFrame</Form>
				<DesignClass>TFrame</DesignClass>
			</DCCReference>
			<DCCReference Include="FrRTFPreview.pas">
				<Form>RTFPreviewFrame</Form>
				<DesignClass>TFrame</DesignClass>
			</DCCReference>
			<DCCReference Include="FrRTFShowCase.pas">
				<Form>RTFShowCaseFrame</Form>
				<DesignClass>TFrame</DesignClass>
			</DCCReference>
			<DCCReference Include="FrCheckedTV.pas">
				<Form>CheckedTVFrame</Form>
				<DesignClass>TFrame</DesignClass>
			</DCCReference>
			<DCCReference Include="FrSelectSnippetsBase.pas">
				<Form>SelectSnippetsBaseFrame</Form>
				<DesignClass>TFrame</DesignClass>
			</DCCReference>
			<DCCReference Include="FrSelectSnippets.pas">
				<Form>SelectSnippetsFrame</Form>
				<DesignClass>TFrame</DesignClass>
			</DCCReference>
			<DCCReference Include="FrSelectUserSnippets.pas">
				<Form>SelectUserSnippetsFrame</Form>
				<DesignClass>TFrame</DesignClass>
			</DCCReference>
			<DCCReference Include="FrSnippetLayoutPrefs.pas">
				<Form>SnippetLayoutPrefsFrame</Form>
				<DesignClass>TFrame</DesignClass>
			</DCCReference>
			<DCCReference Include="FrSourcePrefs.pas">
				<Form>SourcePrefsFrame</Form>
				<DesignClass>TFrame</DesignClass>
			</DCCReference>
			<DCCReference Include="FrTextPreview.pas">
				<Form>TextPreviewFrame</Form>
				<DesignClass>TFrame</DesignClass>
			</DCCReference>
			<DCCReference Include="FrTitled.pas">
				<Form>TitledFrame</Form>
				<DesignClass>TFrame</DesignClass>
			</DCCReference>
			<DCCReference Include="Hiliter.UAttrs.pas"/>
			<DCCReference Include="Hiliter.UCSS.pas"/>
			<DCCReference Include="Hiliter.UFileHiliter.pas"/>
			<DCCReference Include="Hiliter.UGlobals.pas"/>
			<DCCReference Include="Hiliter.UHiliters.pas"/>
			<DCCReference Include="Hiliter.UPasLexer.pas"/>
			<DCCReference Include="Hiliter.UPasParser.pas"/>
			<DCCReference Include="Hiliter.UPersist.pas"/>
			<DCCReference Include="IntfAligner.pas"/>
			<DCCReference Include="IntfCommon.pas"/>
			<DCCReference Include="IntfFrameMgrs.pas"/>
			<DCCReference Include="IntfNotifier.pas"/>
			<DCCReference Include="IntfPreview.pas"/>
			<DCCReference Include="SWAG.UCommon.pas"/>
			<DCCReference Include="SWAG.UImporter.pas"/>
			<DCCReference Include="SWAG.UReader.pas"/>
			<DCCReference Include="SWAG.USnippetCache.pas"/>
			<DCCReference Include="SWAG.UXMLProcessor.pas"/>
			<DCCReference Include="UActionFactory.pas"/>
			<DCCReference Include="UAnchors.pas"/>
			<DCCReference Include="UAppInfo.pas"/>
			<DCCReference Include="UBaseObjects.pas"/>
			<DCCReference Include="UBox.pas"/>
			<DCCReference Include="UBrowseForFolderDlg.pas"/>
			<DCCReference Include="UBrowseProtocol.pas"/>
			<DCCReference Include="UCategoryAction.pas"/>
			<DCCReference Include="UCategoryListAdapter.pas"/>
			<DCCReference Include="UClassHelpers.pas"/>
			<DCCReference Include="UClipboardHelper.pas"/>
			<DCCReference Include="UCodeImportExport.pas"/>
			<DCCReference Include="UCodeImportMgr.pas"/>
			<DCCReference Include="UCodeShareMgr.pas"/>
			<DCCReference Include="UColorBoxEx.pas"/>
			<DCCReference Include="UColorDialogEx.pas"/>
			<DCCReference Include="UColours.pas"/>
			<DCCReference Include="UCommandBars.pas"/>
			<DCCReference Include="UCommonDlg.pas"/>
			<DCCReference Include="UComparers.pas"/>
			<DCCReference Include="UCompileMgr.pas"/>
			<DCCReference Include="UCompileResultsLBMgr.pas"/>
			<DCCReference Include="UCompResHTML.pas"/>
			<DCCReference Include="UConsoleApp.pas"/>
			<DCCReference Include="UConsts.pas"/>
			<DCCReference Include="UContainers.pas"/>
			<DCCReference Include="UControlStateMgr.pas"/>
			<DCCReference Include="UCopyInfoMgr.pas"/>
			<DCCReference Include="UCopySourceMgr.pas"/>
			<DCCReference Include="UCopyViewMgr.pas"/>
			<DCCReference Include="UCSSBuilder.pas"/>
			<DCCReference Include="UCSSUtils.pas"/>
			<DCCReference Include="UCtrlArranger.pas"/>
			<DCCReference Include="UDataBackupMgr.pas"/>
			<DCCReference Include="UDatabaseLoader.pas"/>
			<DCCReference Include="UDatabaseLoaderUI.pas"/>
			<DCCReference Include="UDataStreamIO.pas"/>
			<DCCReference Include="UDBUpdateMgr.pas"/>
			<DCCReference Include="UDetailPageHTML.pas"/>
			<DCCReference Include="UDetailPageLoader.pas"/>
			<DCCReference Include="UDetailTabAction.pas"/>
			<DCCReference Include="UDialogMgr.pas"/>
			<DCCReference Include="UDirectoryCopier.pas"/>
			<DCCReference Include="UDispatchList.pas"/>
			<DCCReference Include="UDlgHelper.pas"/>
			<DCCReference Include="UDOSDateTime.pas"/>
			<DCCReference Include="UDropDownButtons.pas"/>
			<DCCReference Include="UEditSnippetAction.pas"/>
			<DCCReference Include="UEmailHelper.pas"/>
			<DCCReference Include="UEncodings.pas"/>
			<DCCReference Include="UEncryptor.pas"/>
			<DCCReference Include="UExceptions.pas"/>
			<DCCReference Include="UExeFileType.pas"/>
			<DCCReference Include="UFileProtocol.pas"/>
			<DCCReference Include="UFileUpdater.pas"/>
			<DCCReference Include="UFolderBackup.pas"/>
			<DCCReference Include="UFontHelper.pas"/>
			<DCCReference Include="UFormAligner.pas"/>
			<DCCReference Include="UGIFImageList.pas"/>
			<DCCReference Include="UGraphicUtils.pas"/>
			<DCCReference Include="UGroups.pas"/>
			<DCCReference Include="UHelpMgr.pas"/>
			<DCCReference Include="UHelpProtocol.pas"/>
			<DCCReference Include="UHexUtils.pas"/>
			<DCCReference Include="UHiddenRichEdit.pas"/>
			<DCCReference Include="UHiddenWindow.pas"/>
			<DCCReference Include="UHistory.pas"/>
			<DCCReference Include="UHistoryMenus.pas"/>
			<DCCReference Include="UHTMLBuilder.pas"/>
			<DCCReference Include="UHTMLDOMHelper.pas"/>
			<DCCReference Include="UHTMLHelp.pas"/>
			<DCCReference Include="UHTMLHelpMgr.pas"/>
			<DCCReference Include="UHTMLTemplate.pas"/>
			<DCCReference Include="UHTMLUtils.pas"/>
			<DCCReference Include="UHTTPProtocol.pas"/>
			<DCCReference Include="UImageTags.pas"/>
			<DCCReference Include="UIniDataLoader.pas"/>
			<DCCReference Include="UInitialLetter.pas"/>
			<DCCReference Include="UIOUtils.pas"/>
			<DCCReference Include="UIStringList.pas"/>
			<DCCReference Include="UJavaScriptUtils.pas"/>
			<DCCReference Include="UKeysHelper.pas"/>
			<DCCReference Include="ULEDImageList.pas"/>
			<DCCReference Include="ULinkAction.pas"/>
			<DCCReference Include="ULocales.pas"/>
			<DCCReference Include="UMainDBFileReader.pas"/>
			<DCCReference Include="UMainDisplayMgr.pas"/>
			<DCCReference Include="UMarquee.pas"/>
			<DCCReference Include="UMeasurement.pas"/>
			<DCCReference Include="UMemoCaretPosDisplayMgr.pas"/>
			<DCCReference Include="UMemoHelper.pas"/>
			<DCCReference Include="UMemoProgBarMgr.pas"/>
			<DCCReference Include="UMenus.pas"/>
			<DCCReference Include="UMessageBox.pas"/>
			<DCCReference Include="UMessageWindow.pas"/>
			<DCCReference Include="UMultiCastEvents.pas"/>
			<DCCReference Include="UNotifier.pas"/>
			<DCCReference Include="UNulDropTarget.pas"/>
			<DCCReference Include="UNulFormAligner.pas"/>
			<DCCReference Include="UOleClientSite.pas"/>
			<DCCReference Include="UOpenDialogHelper.pas"/>
			<DCCReference Include="UOpenDialogEx.pas"/>
			<DCCReference Include="UOverviewTreeBuilder.pas"/>
			<DCCReference Include="UOverviewTreeState.pas"/>
			<DCCReference Include="UPageSetupDialogEx.pas"/>
			<DCCReference Include="UPageSetupDlgMgr.pas"/>
			<DCCReference Include="UPipe.pas"/>
			<DCCReference Include="UPreferences.pas"/>
			<DCCReference Include="UPrintDocuments.pas"/>
			<DCCReference Include="UPrintEngine.pas"/>
			<DCCReference Include="UPrintInfo.pas"/>
			<DCCReference Include="UPrintMgr.pas"/>
			<DCCReference Include="UProtocols.pas"/>
			<DCCReference Include="UQuery.pas"/>
			<DCCReference Include="UREMLDataIO.pas"/>
			<DCCReference Include="UReservedCategories.pas"/>
			<DCCReference Include="UResourceUtils.pas"/>
			<DCCReference Include="URTFBuilder.pas"/>
			<DCCReference Include="URTFCategoryDoc.pas"/>
			<DCCReference Include="URTFSnippetDoc.pas"/>
			<DCCReference Include="URTFStyles.pas"/>
			<DCCReference Include="URTFUtils.pas"/>
			<DCCReference Include="USaveDialogEx.pas"/>
			<DCCReference Include="USaveSnippetMgr.pas"/>
			<DCCReference Include="USaveSourceDlg.pas"/>
			<DCCReference Include="USaveSourceMgr.pas"/>
			<DCCReference Include="USaveUnitMgr.pas"/>
			<DCCReference Include="USearch.pas"/>
			<DCCReference Include="USelectionIOMgr.pas"/>
			<DCCReference Include="USettings.pas"/>
			<DCCReference Include="UShowCaseCtrl.pas"/>
			<DCCReference Include="UShowPrefsPageAction.pas"/>
			<DCCReference Include="USimpleDispatch.pas"/>
			<DCCReference Include="USingleton.pas"/>
			<DCCReference Include="USnipKindListAdapter.pas"/>
			<DCCReference Include="USnippetAction.pas"/>
			<DCCReference Include="USnippetCreditsParser.pas"/>
			<DCCReference Include="USnippetDoc.pas"/>
			<DCCReference Include="USnippetExtraHelper.pas"/>
			<DCCReference Include="USnippetHTML.pas"/>
			<DCCReference Include="USnippetIDListIOHandler.pas"/>
			<DCCReference Include="USnippetIDs.pas"/>
			<DCCReference Include="USnippetPageHTML.pas"/>
			<DCCReference Include="USnippetPageStructure.pas"/>
			<DCCReference Include="USnippetsChkListMgr.pas"/>
			<DCCReference Include="USnippetSourceGen.pas"/>
			<DCCReference Include="USnippetsTVDraw.pas"/>
			<DCCReference Include="USnippetValidator.pas"/>
			<DCCReference Include="USourceFileInfo.pas"/>
			<DCCReference Include="USourceGen.pas"/>
			<DCCReference Include="UStartUp.pas"/>
			<DCCReference Include="UStatusBarMgr.pas"/>
			<DCCReference Include="UStringReader.pas"/>
			<DCCReference Include="UStructs.pas"/>
			<DCCReference Include="UStrUtils.pas"/>
			<DCCReference Include="USystemID.pas"/>
			<DCCReference Include="USystemInfo.pas"/>
			<DCCReference Include="UTaggedTextLexer.pas"/>
			<DCCReference Include="UTestCompile.pas"/>
			<DCCReference Include="UTestCompileUI.pas"/>
			<DCCReference Include="UTestUnit.pas"/>
			<DCCReference Include="UTestUnitDlgMgr.pas"/>
			<DCCReference Include="UTextSnippetDoc.pas"/>
			<DCCReference Include="UThemesEx.pas"/>
			<DCCReference Include="UToolButtonEx.pas"/>
			<DCCReference Include="UTVCheckBoxes.pas"/>
			<DCCReference Include="UUIWidgetImages.pas"/>
			<DCCReference Include="UUniqueID.pas"/>
			<DCCReference Include="UUnitAnalyser.pas"/>
			<DCCReference Include="UUnitsChkListMgr.pas"/>
			<DCCReference Include="UURIEncode.pas"/>
			<DCCReference Include="UUrl.pas"/>
			<DCCReference Include="UUrlMonEx.pas"/>
			<DCCReference Include="UUserDBBackup.pas"/>
			<DCCReference Include="UUserDBMgr.pas"/>
			<DCCReference Include="UUserDBMove.pas"/>
			<DCCReference Include="UUserDetails.pas"/>
			<DCCReference Include="UUserDetailsPersist.pas"/>
			<DCCReference Include="UUtils.pas"/>
			<DCCReference Include="UVersionInfo.pas"/>
			<DCCReference Include="UView.pas"/>
			<DCCReference Include="UViewItemAction.pas"/>
			<DCCReference Include="UViewItemTreeNode.pas"/>
			<DCCReference Include="UWaitForThreadUI.pas"/>
			<DCCReference Include="UWarnings.pas"/>
			<DCCReference Include="UWBCommandBars.pas"/>
			<DCCReference Include="UWBExternal.pas"/>
			<DCCReference Include="UWBPopupMenus.pas"/>
			<DCCReference Include="UWindowSettings.pas"/>
			<DCCReference Include="UXMLDocConsts.pas"/>
			<DCCReference Include="UXMLDocHelper.pas"/>
			<DCCReference Include="UXMLDocumentEx.pas"/>
			<None Include="CodeSnip.todo"/>
			<BuildConfiguration Include="Base">
				<Key>Base</Key>
			</BuildConfiguration>
		</ItemGroup>
		<Import Condition="Exists('$(BDS)\Bin\CodeGear.Delphi.Targets')" Project="$(BDS)\Bin\CodeGear.Delphi.Targets"/>
		<Import Condition="Exists('$(APPDATA)\Embarcadero\$(BDSAPPDATABASEDIR)\$(PRODUCTVERSION)\UserTools.proj')" Project="$(APPDATA)\Embarcadero\$(BDSAPPDATABASEDIR)\$(PRODUCTVERSION)\UserTools.proj"/>
		<ProjectExtensions>
			<Borland.Personality>Delphi.Personality.12</Borland.Personality>
			<Borland.ProjectType>VCLApplication</Borland.ProjectType>
			<BorlandProject>
				<Delphi.Personality>
					<Source>
						<Source Name="MainSource">CodeSnip.dpr</Source>
					</Source>
					<Parameters>
						<Parameters Name="RunParams">-localhost</Parameters>
					</Parameters>
					<VersionInfo>
						<VersionInfo Name="IncludeVerInfo">False</VersionInfo>
						<VersionInfo Name="AutoIncBuild">False</VersionInfo>
						<VersionInfo Name="MajorVer">1</VersionInfo>
						<VersionInfo Name="MinorVer">0</VersionInfo>
						<VersionInfo Name="Release">0</VersionInfo>
						<VersionInfo Name="Build">0</VersionInfo>
						<VersionInfo Name="Debug">False</VersionInfo>
						<VersionInfo Name="PreRelease">False</VersionInfo>
						<VersionInfo Name="Special">False</VersionInfo>
						<VersionInfo Name="Private">False</VersionInfo>
						<VersionInfo Name="DLL">False</VersionInfo>
						<VersionInfo Name="Locale">2057</VersionInfo>
						<VersionInfo Name="CodePage">1252</VersionInfo>
					</VersionInfo>
					<VersionInfoKeys>
						<VersionInfoKeys Name="CompanyName"/>
						<VersionInfoKeys Name="FileDescription"/>
						<VersionInfoKeys Name="FileVersion">1.0.0.0</VersionInfoKeys>
						<VersionInfoKeys Name="InternalName"/>
						<VersionInfoKeys Name="LegalCopyright"/>
						<VersionInfoKeys Name="LegalTrademarks"/>
						<VersionInfoKeys Name="OriginalFilename"/>
						<VersionInfoKeys Name="ProductName"/>
						<VersionInfoKeys Name="ProductVersion">1.0.0.0</VersionInfoKeys>
						<VersionInfoKeys Name="Comments"/>
					</VersionInfoKeys>
				</Delphi.Personality>
				<Platforms>
					<Platform value="Win32">True</Platform>
				</Platforms>
			</BorlandProject>
			<ProjectFileVersion>12</ProjectFileVersion>
		</ProjectExtensions>
	</Project>
