<Project xmlns="http://schemas.microsoft.com/developer/msbuild/2003">
    <PropertyGroup>
        <ProjectGuid>{58B39E45-1164-4A03-A7AE-D1B6CD686EF1}</ProjectGuid>
        <ProjectVersion>19.5</ProjectVersion>
        <FrameworkType>VCL</FrameworkType>
        <Base>True</Base>
        <Config Condition="'$(Config)'==''">Debug</Config>
        <Platform Condition="'$(Platform)'==''">Win64</Platform>
        <TargetedPlatforms>3</TargetedPlatforms>
        <AppType>Application</AppType>
        <MainSource>CodeSnip.Caboli.dpr</MainSource>
    </PropertyGroup>
    <PropertyGroup Condition="'$(Config)'=='Base' or '$(Base)'!=''">
        <Base>true</Base>
    </PropertyGroup>
    <PropertyGroup Condition="('$(Platform)'=='Win32' and '$(Base)'=='true') or '$(Base_Win32)'!=''">
        <Base_Win32>true</Base_Win32>
        <CfgParent>Base</CfgParent>
        <Base>true</Base>
    </PropertyGroup>
    <PropertyGroup Condition="('$(Platform)'=='Win64' and '$(Base)'=='true') or '$(Base_Win64)'!=''">
        <Base_Win64>true</Base_Win64>
        <CfgParent>Base</CfgParent>
        <Base>true</Base>
    </PropertyGroup>
    <PropertyGroup Condition="'$(Config)'=='Debug' or '$(Cfg_1)'!=''">
        <Cfg_1>true</Cfg_1>
        <CfgParent>Base</CfgParent>
        <Base>true</Base>
    </PropertyGroup>
    <PropertyGroup Condition="('$(Platform)'=='Win32' and '$(Cfg_1)'=='true') or '$(Cfg_1_Win32)'!=''">
        <Cfg_1_Win32>true</Cfg_1_Win32>
        <CfgParent>Cfg_1</CfgParent>
        <Cfg_1>true</Cfg_1>
        <Base>true</Base>
    </PropertyGroup>
    <PropertyGroup Condition="('$(Platform)'=='Win64' and '$(Cfg_1)'=='true') or '$(Cfg_1_Win64)'!=''">
        <Cfg_1_Win64>true</Cfg_1_Win64>
        <CfgParent>Cfg_1</CfgParent>
        <Cfg_1>true</Cfg_1>
        <Base>true</Base>
    </PropertyGroup>
    <PropertyGroup Condition="'$(Config)'=='Release' or '$(Cfg_2)'!=''">
        <Cfg_2>true</Cfg_2>
        <CfgParent>Base</CfgParent>
        <Base>true</Base>
    </PropertyGroup>
    <PropertyGroup Condition="('$(Platform)'=='Win32' and '$(Cfg_2)'=='true') or '$(Cfg_2_Win32)'!=''">
        <Cfg_2_Win32>true</Cfg_2_Win32>
        <CfgParent>Cfg_2</CfgParent>
        <Cfg_2>true</Cfg_2>
        <Base>true</Base>
    </PropertyGroup>
    <PropertyGroup Condition="('$(Platform)'=='Win64' and '$(Cfg_2)'=='true') or '$(Cfg_2_Win64)'!=''">
        <Cfg_2_Win64>true</Cfg_2_Win64>
        <CfgParent>Cfg_2</CfgParent>
        <Cfg_2>true</Cfg_2>
        <Base>true</Base>
    </PropertyGroup>
    <PropertyGroup Condition="'$(Base)'!=''">
        <DCC_DcuOutput>..\_build\$(Platform)\$(Config)\bin</DCC_DcuOutput>
        <DCC_ExeOutput>..\_build\$(Platform)\$(Config)\exe</DCC_ExeOutput>
        <DCC_E>false</DCC_E>
        <DCC_N>false</DCC_N>
        <DCC_S>false</DCC_S>
        <DCC_F>false</DCC_F>
        <DCC_K>false</DCC_K>
        <DCC_Namespace>System;Xml;Data;Datasnap;Web;Soap;Vcl;Vcl.Imaging;Vcl.Touch;Vcl.Samples;Vcl.Shell;$(DCC_Namespace)</DCC_Namespace>
        <Icon_MainIcon>$(BDS)\bin\delphi_PROJECTICON.ico</Icon_MainIcon>
        <UWP_DelphiLogo44>$(BDS)\bin\Artwork\Windows\UWP\delphi_UwpDefault_44.png</UWP_DelphiLogo44>
        <UWP_DelphiLogo150>$(BDS)\bin\Artwork\Windows\UWP\delphi_UwpDefault_150.png</UWP_DelphiLogo150>
        <SanitizedProjectName>CodeSnip_Caboli</SanitizedProjectName>
        <VerInfo_Locale>2057</VerInfo_Locale>
        <VerInfo_Keys>CompanyName=;FileDescription=$(MSBuildProjectName);FileVersion=1.0.0.0;InternalName=;LegalCopyright=;LegalTrademarks=;OriginalFilename=;ProgramID=com.embarcadero.$(MSBuildProjectName);ProductName=$(MSBuildProjectName);ProductVersion=1.0.0.0;Comments=</VerInfo_Keys>
        <BRCC_OutputDir>..\_build\$(Platform)\$(Config)\bin</BRCC_OutputDir>
        <Custom_Styles>Windows10|VCLSTYLE|$(BDSCOMMONDIR)\Styles\Windows10.vsf;Carbon|VCLSTYLE|$(BDSCOMMONDIR)\Styles\Carbon.vsf</Custom_Styles>
    </PropertyGroup>
    <PropertyGroup Condition="'$(Base_Win32)'!=''">
        <DCC_UsePackage>vclwinx;DataSnapServer;fmx;emshosting;vclie;DbxCommonDriver;bindengine;IndyIPCommon;VCLRESTComponents;DBXMSSQLDriver;FireDACCommonODBC;emsclient;FireDACCommonDriver;appanalytics;IndyProtocols;vclx;IndyIPClient;dbxcds;vcledge;bindcompvclwinx;emsedge;bindcompfmx;DBXFirebirdDriver;inetdb;FireDACSqliteDriver;DbxClientDriver;FireDACASADriver;soapmidas;vclactnband;fmxFireDAC;dbexpress;FireDACInfxDriver;DBXMySQLDriver;VclSmp;inet;DataSnapCommon;vcltouch;fmxase;DBXOdbcDriver;dbrtl;FireDACDBXDriver;FireDACOracleDriver;fmxdae;FireDACMSAccDriver;CustomIPTransport;FireDACMSSQLDriver;DataSnapIndy10ServerTransport;DataSnapConnectors;vcldsnap;DBXInterBaseDriver;FireDACMongoDBDriver;IndySystem;FireDACTDataDriver;vcldb;vclFireDAC;bindcomp;FireDACCommon;DataSnapServerMidas;FireDACODBCDriver;emsserverresource;IndyCore;RESTBackendComponents;bindcompdbx;rtl;FireDACMySQLDriver;FireDACADSDriver;RESTComponents;DBXSqliteDriver;vcl;IndyIPServer;dsnapxml;dsnapcon;DataSnapClient;DataSnapProviderClient;adortl;DBXSybaseASEDriver;DBXDb2Driver;vclimg;DataSnapFireDAC;emsclientfiredac;FireDACPgDriver;FireDAC;FireDACDSDriver;inetdbxpress;xmlrtl;tethering;bindcompvcl;dsnap;CloudService;DBXSybaseASADriver;DBXOracleDriver;FireDACDb2Driver;DBXInformixDriver;fmxobj;bindcompvclsmp;DataSnapNativeClient;DatasnapConnectorsFreePascal;soaprtl;soapserver;FireDACIBDriver;$(DCC_UsePackage)</DCC_UsePackage>
        <DCC_Namespace>Winapi;System.Win;Data.Win;Datasnap.Win;Web.Win;Soap.Win;Xml.Win;Bde;$(DCC_Namespace)</DCC_Namespace>
        <BT_BuildType>Debug</BT_BuildType>
        <VerInfo_Locale>1033</VerInfo_Locale>
        <AppDPIAwarenessMode>PerMonitorV2</AppDPIAwarenessMode>
        <Manifest_File>$(BDS)\bin\default_app.manifest</Manifest_File>
        <Icon_MainIcon>Res\Img\Branding\CodeSnip.ico</Icon_MainIcon>
        <UWP_DelphiLogo44>Res\Img\Branding\CodeSnip-logo-44x44.png</UWP_DelphiLogo44>
        <UWP_DelphiLogo150>Res\Img\Branding\CodeSnip-logo-150x150.png</UWP_DelphiLogo150>
    </PropertyGroup>
    <PropertyGroup Condition="'$(Base_Win64)'!=''">
        <DCC_UsePackage>vclwinx;DataSnapServer;fmx;emshosting;vclie;DbxCommonDriver;bindengine;IndyIPCommon;VCLRESTComponents;DBXMSSQLDriver;FireDACCommonODBC;emsclient;FireDACCommonDriver;appanalytics;IndyProtocols;vclx;IndyIPClient;dbxcds;vcledge;bindcompvclwinx;emsedge;bindcompfmx;DBXFirebirdDriver;inetdb;FireDACSqliteDriver;DbxClientDriver;FireDACASADriver;soapmidas;vclactnband;fmxFireDAC;dbexpress;FireDACInfxDriver;DBXMySQLDriver;VclSmp;inet;DataSnapCommon;vcltouch;fmxase;DBXOdbcDriver;dbrtl;FireDACDBXDriver;FireDACOracleDriver;fmxdae;FireDACMSAccDriver;CustomIPTransport;FireDACMSSQLDriver;DataSnapIndy10ServerTransport;DataSnapConnectors;vcldsnap;DBXInterBaseDriver;FireDACMongoDBDriver;IndySystem;FireDACTDataDriver;vcldb;vclFireDAC;bindcomp;FireDACCommon;DataSnapServerMidas;FireDACODBCDriver;emsserverresource;IndyCore;RESTBackendComponents;bindcompdbx;rtl;FireDACMySQLDriver;FireDACADSDriver;RESTComponents;DBXSqliteDriver;vcl;IndyIPServer;dsnapxml;dsnapcon;DataSnapClient;DataSnapProviderClient;adortl;DBXSybaseASEDriver;DBXDb2Driver;vclimg;DataSnapFireDAC;emsclientfiredac;FireDACPgDriver;FireDAC;FireDACDSDriver;inetdbxpress;xmlrtl;tethering;bindcompvcl;dsnap;CloudService;DBXSybaseASADriver;DBXOracleDriver;FireDACDb2Driver;DBXInformixDriver;fmxobj;bindcompvclsmp;DataSnapNativeClient;DatasnapConnectorsFreePascal;soaprtl;soapserver;FireDACIBDriver;$(DCC_UsePackage)</DCC_UsePackage>
        <DCC_Namespace>Winapi;System.Win;Data.Win;Datasnap.Win;Web.Win;Soap.Win;Xml.Win;$(DCC_Namespace)</DCC_Namespace>
        <BT_BuildType>Debug</BT_BuildType>
        <VerInfo_Locale>1033</VerInfo_Locale>
        <Manifest_File>$(BDS)\bin\default_app.manifest</Manifest_File>
        <Icon_MainIcon>Res\Img\Branding\CodeSnip.ico</Icon_MainIcon>
        <UWP_DelphiLogo44>Res\Img\Branding\CodeSnip-logo-44x44.png</UWP_DelphiLogo44>
        <UWP_DelphiLogo150>Res\Img\Branding\CodeSnip-logo-150x150.png</UWP_DelphiLogo150>
        <AppDPIAwarenessMode>PerMonitorV2</AppDPIAwarenessMode>
    </PropertyGroup>
    <PropertyGroup Condition="'$(Cfg_1)'!=''">
        <DCC_Define>DEBUG;$(DCC_Define)</DCC_Define>
        <DCC_DebugDCUs>true</DCC_DebugDCUs>
        <DCC_Optimize>false</DCC_Optimize>
        <DCC_GenerateStackFrames>true</DCC_GenerateStackFrames>
        <DCC_DebugInfoInExe>true</DCC_DebugInfoInExe>
        <DCC_RemoteDebug>true</DCC_RemoteDebug>
        <DCC_IntegerOverflowCheck>true</DCC_IntegerOverflowCheck>
        <DCC_RangeChecking>true</DCC_RangeChecking>
    </PropertyGroup>
    <PropertyGroup Condition="'$(Cfg_1_Win32)'!=''">
        <DCC_RemoteDebug>false</DCC_RemoteDebug>
        <VerInfo_Locale>1033</VerInfo_Locale>
    </PropertyGroup>
    <PropertyGroup Condition="'$(Cfg_1_Win64)'!=''">
        <VerInfo_Locale>1033</VerInfo_Locale>
        <Icon_MainIcon>..\..\codesnip\Src\Res\Img\Branding\CodeSnip.ico</Icon_MainIcon>
        <DCC_DUPLICATE_CTOR_DTOR>false</DCC_DUPLICATE_CTOR_DTOR>
        <DCC_SYMBOL_PLATFORM>false</DCC_SYMBOL_PLATFORM>
    </PropertyGroup>
    <PropertyGroup Condition="'$(Cfg_2)'!=''">
        <DCC_LocalDebugSymbols>false</DCC_LocalDebugSymbols>
        <DCC_Define>RELEASE;$(DCC_Define)</DCC_Define>
        <DCC_SymbolReferenceInfo>0</DCC_SymbolReferenceInfo>
        <DCC_DebugInformation>0</DCC_DebugInformation>
    </PropertyGroup>
    <PropertyGroup Condition="'$(Cfg_2_Win32)'!=''">
        <VerInfo_Locale>1033</VerInfo_Locale>
    </PropertyGroup>
    <PropertyGroup Condition="'$(Cfg_2_Win64)'!=''">
        <VerInfo_Locale>1033</VerInfo_Locale>
        <Icon_MainIcon>..\..\codesnip\Src\Res\Img\Branding\CodeSnip.ico</Icon_MainIcon>
    </PropertyGroup>
    <ItemGroup>
        <DelphiCompile Include="$(MainSource)">
            <MainSource>MainSource</MainSource>
        </DelphiCompile>
        <DCCReference Include="UThemesEx.pas"/>
        <DCCReference Include="UMultiCastEvents.pas"/>
        <DCCReference Include="UMessageWindow.pas"/>
        <DCCReference Include="UHiddenWindow.pas"/>
        <DCCReference Include="UStructs.pas"/>
        <DCCReference Include="IntfAligner.pas"/>
        <DCCReference Include="UNulFormAligner.pas"/>
        <DCCReference Include="UAppInfo.pas"/>
        <DCCReference Include="UBaseObjects.pas"/>
        <DCCReference Include="USettings.pas"/>
        <DCCReference Include="UIStringList.pas"/>
        <DCCReference Include="IntfCommon.pas"/>
        <DCCReference Include="UStrUtils.pas"/>
        <DCCReference Include="UConsts.pas"/>
        <DCCReference Include="UExceptions.pas"/>
        <DCCReference Include="UHexUtils.pas"/>
        <DCCReference Include="UIOUtils.pas"/>
        <DCCReference Include="UUtils.pas"/>
        <DCCReference Include="3rdParty\PJSysInfo.pas"/>
        <DCCReference Include="USystemInfo.pas"/>
        <DCCReference Include="3rdParty\PJVersionInfo.pas"/>
        <DCCReference Include="UI.Forms.Root.pas">
            <Form>RootForm</Form>
        </DCCReference>
        <DCCReference Include="UControlStateMgr.pas"/>
        <DCCReference Include="UKeysHelper.pas"/>
        <DCCReference Include="UMenus.pas"/>
        <DCCReference Include="UClassHelpers.pas"/>
        <DCCReference Include="UHelpMgr.pas"/>
        <DCCReference Include="UI.Forms.Main.pas">
            <Form>MainForm</Form>
        </DCCReference>
        <DCCReference Include="FrTitled.pas">
            <Form>TitledFrame</Form>
            <DesignClass>TFrame</DesignClass>
        </DCCReference>
        <DCCReference Include="UFontHelper.pas"/>
        <DCCReference Include="UGraphicUtils.pas"/>
        <DCCReference Include="FrRTFShowCase.pas">
            <Form>RTFShowCaseFrame</Form>
            <DesignClass>TFrame</DesignClass>
        </DCCReference>
        <DCCReference Include="UShowCaseCtrl.pas"/>
        <DCCReference Include="FrProgress.pas">
            <Form>ProgressFrame</Form>
            <DesignClass>TFrame</DesignClass>
        </DCCReference>
        <DCCReference Include="UCtrlArranger.pas"/>
        <DCCReference Include="FrPrefsBase.pas">
            <Form>PrefsBaseFrame</Form>
            <DesignClass>TFrame</DesignClass>
        </DCCReference>
        <DCCReference Include="UPreferences.pas"/>
        <DCCReference Include="Hiliter.UGlobals.pas"/>
        <DCCReference Include="UEncodings.pas"/>
        <DCCReference Include="ULocales.pas"/>
        <DCCReference Include="UMeasurement.pas"/>
        <DCCReference Include="UPrintInfo.pas"/>
        <DCCReference Include="USingleton.pas"/>
        <DCCReference Include="USnippetPageStructure.pas"/>
        <DCCReference Include="DB.USnippetKind.pas"/>
        <DCCReference Include="UContainers.pas"/>
        <DCCReference Include="USourceFileInfo.pas"/>
        <DCCReference Include="USourceGen.pas"/>
        <DCCReference Include="ActiveText.UMain.pas"/>
        <DCCReference Include="DB.USnippet.pas"/>
        <DCCReference Include="Compilers.UGlobals.pas"/>
        <DCCReference Include="USnippetIDs.pas"/>
        <DCCReference Include="ActiveText.UTextRenderer.pas"/>
        <DCCReference Include="USnippetValidator.pas"/>
        <DCCReference Include="ActiveText.UValidator.pas"/>
        <DCCReference Include="UURIEncode.pas"/>
        <DCCReference Include="DB.UMain.pas"/>
        <DCCReference Include="DB.UCategory.pas"/>
        <DCCReference Include="UReservedCategories.pas"/>
        <DCCReference Include="DB.UDatabaseIO.pas"/>
        <DCCReference Include="DBIO.UFileIOIntf.pas"/>
        <DCCReference Include="DBIO.UIniDataReader.pas"/>
        <DCCReference Include="UMainDBFileReader.pas"/>
        <DCCReference Include="UComparers.pas"/>
        <DCCReference Include="USnippetExtraHelper.pas"/>
        <DCCReference Include="UREMLDataIO.pas"/>
        <DCCReference Include="UTaggedTextLexer.pas"/>
        <DCCReference Include="USnippetCreditsParser.pas"/>
        <DCCReference Include="DBIO.UNulDataReader.pas"/>
        <DCCReference Include="DBIO.UXMLDataIO.pas"/>
        <DCCReference Include="UXMLDocumentEx.pas"/>
        <DCCReference Include="UXMLDocConsts.pas"/>
        <DCCReference Include="UQuery.pas"/>
        <DCCReference Include="USearch.pas"/>
        <DCCReference Include="UWarnings.pas"/>
        <DCCReference Include="Hiliter.UPasLexer.pas"/>
        <DCCReference Include="UStringReader.pas"/>
        <DCCReference Include="Hiliter.UAttrs.pas"/>
        <DCCReference Include="Hiliter.UPersist.pas"/>
        <DCCReference Include="UColours.pas"/>
        <DCCReference Include="FrMemoPreview.pas">
            <Form>MemoPreviewFrame</Form>
            <DesignClass>TFrame</DesignClass>
        </DCCReference>
        <DCCReference Include="IntfPreview.pas"/>
        <DCCReference Include="UMemoHelper.pas"/>
        <DCCReference Include="FrCheckedTV.pas">
            <Form>CheckedTVFrame</Form>
            <DesignClass>TFrame</DesignClass>
        </DCCReference>
        <DCCReference Include="UTVCheckBoxes.pas"/>
        <DCCReference Include="UUIWidgetImages.pas"/>
        <DCCReference Include="FrCategoryList.pas">
            <Form>CategoryListFrame</Form>
            <DesignClass>TFrame</DesignClass>
        </DCCReference>
        <DCCReference Include="UCategoryListAdapter.pas"/>
        <DCCReference Include="FrCategoryDescEdit.pas">
            <Form>CategoryDescEditFrame</Form>
            <DesignClass>TFrame</DesignClass>
        </DCCReference>
        <DCCReference Include="FrBrowserBase.pas">
            <Form>BrowserBaseFrame</Form>
            <DesignClass>TFrame</DesignClass>
        </DCCReference>
        <DCCReference Include="Browser.UController.pas"/>
        <DCCReference Include="Browser.IntfDocHostUI.pas"/>
        <DCCReference Include="Browser.UIOMgr.pas"/>
        <DCCReference Include="Browser.UHTMLEvents.pas"/>
        <DCCReference Include="USimpleDispatch.pas"/>
        <DCCReference Include="Browser.UControlHelper.pas"/>
        <DCCReference Include="UHTMLDOMHelper.pas"/>
        <DCCReference Include="UResourceUtils.pas"/>
        <DCCReference Include="Browser.UUIMgr.pas"/>
        <DCCReference Include="Browser.UNulUIHandler.pas"/>
        <DCCReference Include="UUrlMonEx.pas"/>
        <DCCReference Include="UOleClientSite.pas"/>
        <DCCReference Include="UCSSBuilder.pas"/>
        <DCCReference Include="UAnchors.pas"/>
        <DCCReference Include="UDispatchList.pas"/>
        <DCCReference Include="UCSSUtils.pas"/>
        <DCCReference Include="UProtocols.pas"/>
        <DCCReference Include="FmSnippetsEditorDlg.FrActiveTextEditor.pas">
            <Form>SnippetsActiveTextEdFrame</Form>
            <DesignClass>TFrame</DesignClass>
        </DCCReference>
        <DCCReference Include="FmCompilersDlg.FrBase.pas">
            <Form>CompilersDlgBaseFrame</Form>
            <DesignClass>TFrame</DesignClass>
        </DCCReference>
        <DCCReference Include="FmCompilersDlg.FrCompiler.pas">
            <Form>CompilersDlgCompilerFrame</Form>
            <DesignClass>TFrame</DesignClass>
        </DCCReference>
        <DCCReference Include="FmCompilersDlg.FrLog.pas">
            <Form>CompilersDlgLogFrame</Form>
            <DesignClass>TFrame</DesignClass>
        </DCCReference>
        <DCCReference Include="FmCompilersDlg.FrNamespaces.pas">
            <Form>CompilersDlgNamespacesFrame</Form>
            <DesignClass>TFrame</DesignClass>
        </DCCReference>
        <DCCReference Include="FmCompilersDlg.FrSearchDirs.pas">
            <Form>CompilersDlgSearchDirsFrame</Form>
            <DesignClass>TFrame</DesignClass>
        </DCCReference>
        <DCCReference Include="FmCompilersDlg.FrSwitches.pas">
            <Form>CompilersDlgSwitchesFrame</Form>
            <DesignClass>TFrame</DesignClass>
        </DCCReference>
        <DCCReference Include="FmCompilersDlg.UBannerMgr.pas"/>
        <DCCReference Include="FmCompilersDlg.UCompilerListMgr.pas"/>
        <DCCReference Include="UBrowseForFolderDlg.pas"/>
        <DCCReference Include="3rdParty\PJShellFolders.pas"/>
        <DCCReference Include="UDlgHelper.pas"/>
        <DCCReference Include="UExeFileType.pas"/>
        <DCCReference Include="UMessageBox.pas"/>
        <DCCReference Include="UOpenDialogEx.pas"/>
        <DCCReference Include="UCommonDlg.pas"/>
        <DCCReference Include="UOpenDialogHelper.pas"/>
        <DCCReference Include="FrOverview.pas">
            <Form>OverviewFrame</Form>
            <DesignClass>TFrame</DesignClass>
        </DCCReference>
        <DCCReference Include="IntfFrameMgrs.pas"/>
        <DCCReference Include="UCommandBars.pas"/>
        <DCCReference Include="UToolButtonEx.pas"/>
        <DCCReference Include="UView.pas"/>
        <DCCReference Include="UInitialLetter.pas"/>
        <DCCReference Include="IntfNotifier.pas"/>
        <DCCReference Include="UOverviewTreeState.pas"/>
        <DCCReference Include="UViewItemTreeNode.pas"/>
        <DCCReference Include="USnippetsTVDraw.pas"/>
        <DCCReference Include="UOverviewTreeBuilder.pas"/>
        <DCCReference Include="UGroups.pas"/>
        <DCCReference Include="FrDetailView.pas">
            <Form>DetailViewFrame</Form>
            <DesignClass>TFrame</DesignClass>
        </DCCReference>
        <DCCReference Include="UDetailPageLoader.pas"/>
        <DCCReference Include="UDetailPageHTML.pas"/>
        <DCCReference Include="Compilers.UCompilers.pas"/>
        <DCCReference Include="Compilers.UBDS.pas"/>
        <DCCReference Include="Compilers.UBorland.pas"/>
        <DCCReference Include="Compilers.UCompilerBase.pas"/>
        <DCCReference Include="Compilers.URunner.pas"/>
        <DCCReference Include="UConsoleApp.pas"/>
        <DCCReference Include="UPipe.pas"/>
        <DCCReference Include="Compilers.USearchDirs.pas"/>
        <DCCReference Include="Compilers.UDelphi.pas"/>
        <DCCReference Include="Compilers.UFreePascal.pas"/>
        <DCCReference Include="UHTMLTemplate.pas"/>
        <DCCReference Include="UHTMLUtils.pas"/>
        <DCCReference Include="UJavaScriptUtils.pas"/>
        <DCCReference Include="USnippetHTML.pas"/>
        <DCCReference Include="ActiveText.UHTMLRenderer.pas"/>
        <DCCReference Include="Hiliter.UHiliters.pas"/>
        <DCCReference Include="Hiliter.UPasParser.pas"/>
        <DCCReference Include="UHTMLBuilder.pas"/>
        <DCCReference Include="URTFStyles.pas"/>
        <DCCReference Include="URTFUtils.pas"/>
        <DCCReference Include="Hiliter.UCSS.pas"/>
        <DCCReference Include="UCompResHTML.pas"/>
        <DCCReference Include="USnippetPageHTML.pas"/>
        <DCCReference Include="UWBPopupMenus.pas"/>
        <DCCReference Include="Browser.UHighlighter.pas"/>
        <DCCReference Include="UWBCommandBars.pas"/>
        <DCCReference Include="UGIFImageList.pas"/>
        <DCCReference Include="UImageTags.pas"/>
        <DCCReference Include="ULinkAction.pas"/>
        <DCCReference Include="FrHTMLPreview.pas">
            <Form>HTMLPreviewFrame</Form>
            <DesignClass>TFrame</DesignClass>
        </DCCReference>
        <DCCReference Include="FrHTMLDlg.pas">
            <Form>HTMLDlgFrame</Form>
            <DesignClass>TFrame</DesignClass>
        </DCCReference>
        <DCCReference Include="UNulDropTarget.pas"/>
        <DCCReference Include="FrEasterEgg.pas">
            <Form>EasterEggFrame</Form>
            <DesignClass>TFrame</DesignClass>
        </DCCReference>
        <DCCReference Include="FirstRun.FmWhatsNew.FrHTML.pas">
            <Form>WhatsNewHTMLFrame</Form>
            <DesignClass>TFrame</DesignClass>
        </DCCReference>
        <DCCReference Include="FrCodeGenPrefs.pas">
            <Form>CodeGenPrefsFrame</Form>
            <DesignClass>TFrame</DesignClass>
        </DCCReference>
        <DCCReference Include="3rdParty\LVEx.pas"/>
        <DCCReference Include="FrDisplayPrefs.pas">
            <Form>DisplayPrefsFrame</Form>
            <DesignClass>TFrame</DesignClass>
        </DCCReference>
        <DCCReference Include="UColorBoxEx.pas"/>
        <DCCReference Include="UColorDialogEx.pas"/>
        <DCCReference Include="FrGeneralPrefs.pas">
            <Form>GeneralPrefsFrame</Form>
            <DesignClass>TFrame</DesignClass>
        </DCCReference>
        <DCCReference Include="FrHiliterPrefs.pas">
            <Form>HiliterPrefsFrame</Form>
            <DesignClass>TFrame</DesignClass>
        </DCCReference>
        <DCCReference Include="FrPrintingPrefs.pas">
            <Form>PrintingPrefsFrame</Form>
            <DesignClass>TFrame</DesignClass>
        </DCCReference>
        <DCCReference Include="FrSnippetLayoutPrefs.pas">
            <Form>SnippetLayoutPrefsFrame</Form>
            <DesignClass>TFrame</DesignClass>
        </DCCReference>
        <DCCReference Include="FrSourcePrefs.pas">
            <Form>SourcePrefsFrame</Form>
            <DesignClass>TFrame</DesignClass>
        </DCCReference>
        <DCCReference Include="Hiliter.UFileHiliter.pas"/>
        <DCCReference Include="FrDetail.pas">
            <Form>DetailFrame</Form>
            <DesignClass>TFrame</DesignClass>
        </DCCReference>
        <DCCReference Include="FrFixedHTMLDlg.pas">
            <Form>FixedHTMLDlgFrame</Form>
            <DesignClass>TFrame</DesignClass>
        </DCCReference>
        <DCCReference Include="FrHTMLTpltDlg.pas">
            <Form>HTMLTpltDlgFrame</Form>
            <DesignClass>TFrame</DesignClass>
        </DCCReference>
        <DCCReference Include="FrRTFPreview.pas">
            <Form>RTFPreviewFrame</Form>
            <DesignClass>TFrame</DesignClass>
        </DCCReference>
        <DCCReference Include="FrSelectSnippetsBase.pas">
            <Form>SelectSnippetsBaseFrame</Form>
            <DesignClass>TFrame</DesignClass>
        </DCCReference>
        <DCCReference Include="FrSelectUserSnippets.pas">
            <Form>SelectUserSnippetsFrame</Form>
            <DesignClass>TFrame</DesignClass>
        </DCCReference>
        <DCCReference Include="FrSelectSnippets.pas">
            <Form>SelectSnippetsFrame</Form>
            <DesignClass>TFrame</DesignClass>
        </DCCReference>
        <DCCReference Include="FrTextPreview.pas">
            <Form>TextPreviewFrame</Form>
            <DesignClass>TFrame</DesignClass>
        </DCCReference>
        <DCCReference Include="ActiveText.URTFRenderer.pas"/>
        <DCCReference Include="DB.UMetaData.pas"/>
        <DCCReference Include="Favourites.UFavourites.pas"/>
        <DCCReference Include="Favourites.UManager.pas"/>
        <DCCReference Include="Favourites.UPersist.pas"/>
        <DCCReference Include="FirstRun.UConfigFile.pas"/>
        <DCCReference Include="FirstRun.UDatabase.pas"/>
        <DCCReference Include="FirstRun.UIniFile.pas"/>
        <DCCReference Include="FirstRun.UInstallInfo.pas"/>
        <DCCReference Include="FirstRun.UMain.pas"/>
        <DCCReference Include="SWAG.UCommon.pas"/>
        <DCCReference Include="SWAG.UImporter.pas"/>
        <DCCReference Include="SWAG.UPacketCache.pas"/>
        <DCCReference Include="SWAG.UReader.pas"/>
        <DCCReference Include="SWAG.UVersion.pas"/>
        <DCCReference Include="SWAG.UXMLProcessor.pas"/>
        <DCCReference Include="UActionFactory.pas"/>
        <DCCReference Include="UBox.pas"/>
        <DCCReference Include="UBrowseProtocol.pas"/>
        <DCCReference Include="UCategoryAction.pas"/>
        <DCCReference Include="UClipboardHelper.pas"/>
        <DCCReference Include="UCodeImportExport.pas"/>
        <DCCReference Include="UCodeImportMgr.pas"/>
        <DCCReference Include="UCodeShareMgr.pas"/>
        <DCCReference Include="UCompileMgr.pas"/>
        <DCCReference Include="UCompileResultsLBMgr.pas"/>
        <DCCReference Include="UCopyInfoMgr.pas"/>
        <DCCReference Include="UCopySourceMgr.pas"/>
        <DCCReference Include="UCopyViewMgr.pas"/>
        <DCCReference Include="UDataBackupMgr.pas"/>
        <DCCReference Include="UDatabaseLoader.pas"/>
        <DCCReference Include="UDatabaseLoaderUI.pas"/>
        <DCCReference Include="UDataStreamIO.pas"/>
        <DCCReference Include="UDBUpdateMgr.pas"/>
        <DCCReference Include="UDetailTabAction.pas"/>
        <DCCReference Include="UDialogMgr.pas"/>
        <DCCReference Include="UDirectoryCopier.pas"/>
        <DCCReference Include="UDOSDateTime.pas"/>
        <DCCReference Include="UDropDownButtons.pas"/>
        <DCCReference Include="UEditSnippetAction.pas"/>
        <DCCReference Include="UEmailHelper.pas"/>
        <DCCReference Include="UFileProtocol.pas"/>
        <DCCReference Include="UFileUpdater.pas"/>
        <DCCReference Include="UFolderBackup.pas"/>
        <DCCReference Include="UFormAligner.pas"/>
        <DCCReference Include="UHelpProtocol.pas"/>
        <DCCReference Include="UHiddenRichEdit.pas"/>
        <DCCReference Include="UHistory.pas"/>
        <DCCReference Include="UHistoryMenus.pas"/>
        <DCCReference Include="UHTMLHelp.pas"/>
        <DCCReference Include="UHTMLHelpMgr.pas"/>
        <DCCReference Include="UHTTPProtocol.pas"/>
        <DCCReference Include="UIniDataLoader.pas"/>
        <DCCReference Include="ULEDImageList.pas"/>
        <DCCReference Include="UMainDisplayMgr.pas"/>
        <DCCReference Include="UMarquee.pas"/>
        <DCCReference Include="UMemoCaretPosDisplayMgr.pas"/>
        <DCCReference Include="UMemoProgBarMgr.pas"/>
        <DCCReference Include="UNotifier.pas"/>
        <DCCReference Include="UPageSetupDialogEx.pas"/>
        <DCCReference Include="UPageSetupDlgMgr.pas"/>
        <DCCReference Include="UPrintDocuments.pas"/>
        <DCCReference Include="UPrintEngine.pas"/>
        <DCCReference Include="UPrintMgr.pas"/>
        <DCCReference Include="URTFBuilder.pas"/>
        <DCCReference Include="URTFCategoryDoc.pas"/>
        <DCCReference Include="URTFSnippetDoc.pas"/>
        <DCCReference Include="USaveDialogEx.pas"/>
        <DCCReference Include="USaveSnippetMgr.pas"/>
        <DCCReference Include="USaveSourceDlg.pas"/>
        <DCCReference Include="USaveSourceMgr.pas"/>
        <DCCReference Include="USaveUnitMgr.pas"/>
        <DCCReference Include="USelectionIOMgr.pas"/>
        <DCCReference Include="USnipKindListAdapter.pas"/>
        <DCCReference Include="USnippetAction.pas"/>
        <DCCReference Include="USnippetDoc.pas"/>
        <DCCReference Include="USnippetIDListIOHandler.pas"/>
        <DCCReference Include="USnippetsChkListMgr.pas"/>
        <DCCReference Include="USnippetSourceGen.pas"/>
        <DCCReference Include="UStartUp.pas"/>
        <DCCReference Include="UStatusBarMgr.pas"/>
        <DCCReference Include="UTestCompile.pas"/>
        <DCCReference Include="UTestCompileUI.pas"/>
        <DCCReference Include="UTestUnit.pas"/>
        <DCCReference Include="UTestUnitDlgMgr.pas"/>
        <DCCReference Include="UTextSnippetDoc.pas"/>
        <DCCReference Include="UUniqueID.pas"/>
        <DCCReference Include="UUnitAnalyser.pas"/>
        <DCCReference Include="UUnitsChkListMgr.pas"/>
        <DCCReference Include="UUrl.pas"/>
        <DCCReference Include="UUserDBBackup.pas"/>
        <DCCReference Include="UUserDBMgr.pas"/>
        <DCCReference Include="UUserDBMove.pas"/>
        <DCCReference Include="UVersionInfo.pas"/>
        <DCCReference Include="UViewItemAction.pas"/>
        <DCCReference Include="UWaitForThreadUI.pas"/>
        <DCCReference Include="UWBExternal.pas"/>
        <DCCReference Include="UWindowSettings.pas"/>
        <DCCReference Include="UXMLDocHelper.pas"/>
        <DCCReference Include="3rdParty\PJWdwState.pas"/>
        <DCCReference Include="3rdParty\PJMD5.pas"/>
        <DCCReference Include="3rdParty\PJStreamWrapper.pas"/>
        <DCCReference Include="AutoGen\IntfExternalObj.pas"/>
        <DCCReference Include="FmAboutDlg.pas">
            <Form>AboutDlg</Form>
        </DCCReference>
        <DCCReference Include="FmActiveTextPreviewDlg.pas">
            <Form>ActiveTextPreviewDlg</Form>
        </DCCReference>
        <DCCReference Include="FmAddCategoryDlg.pas"/>
        <DCCReference Include="FmBugReportBaseDlg.pas">
            <Form>BugReportBaseDlg</Form>
        </DCCReference>
        <DCCReference Include="FmCategoryEditDlg.pas">
            <Form>CategoryEditDlg</Form>
        </DCCReference>
        <DCCReference Include="FmCodeExportDlg.pas">
            <Form>CodeExportDlg</Form>
        </DCCReference>
        <DCCReference Include="FmCodeImportDlg.pas"/>
        <DCCReference Include="FmCompErrorDlg.pas">
            <Form>CompErrorDlg</Form>
        </DCCReference>
        <DCCReference Include="FmCompilersDlg.pas">
            <Form>CompilersDlg</Form>
        </DCCReference>
        <DCCReference Include="FmDBUpdateDlg.pas"/>
        <DCCReference Include="FmDeleteCategoryDlg.pas">
            <Form>DeleteCategoryDlg</Form>
        </DCCReference>
        <DCCReference Include="FmDeleteUserDBDlg.pas">
            <Form>DeleteUserDBDlg</Form>
        </DCCReference>
        <DCCReference Include="FmDependenciesDlg.pas">
            <Form>DependenciesDlg</Form>
        </DCCReference>
        <DCCReference Include="FmDuplicateSnippetDlg.pas">
            <Form>DuplicateSnippetDlg</Form>
        </DCCReference>
        <DCCReference Include="FmEasterEgg.pas">
            <Form>EasterEggForm</Form>
        </DCCReference>
        <DCCReference Include="FmFavouritesDlg.pas">
            <Form>FavouritesDlg</Form>
        </DCCReference>
        <DCCReference Include="FmFindCompilerDlg.pas">
            <Form>FindCompilerDlg</Form>
        </DCCReference>
        <DCCReference Include="FmFindTextDlg.pas">
            <Form>FindTextDlg</Form>
        </DCCReference>
        <DCCReference Include="FmFindXRefsDlg.pas">
            <Form>FindXRefsDlg</Form>
        </DCCReference>
        <DCCReference Include="FmGenericDlg.pas">
            <Form>GenericDlg</Form>
        </DCCReference>
        <DCCReference Include="FmGenericModalDlg.pas">
            <Form>GenericModalDlg</Form>
        </DCCReference>
        <DCCReference Include="FmGenericNonModalDlg.pas">
            <Form>GenericNonModalDlg</Form>
        </DCCReference>
        <DCCReference Include="FmGenericOKDlg.pas">
            <Form>GenericOKDlg</Form>
        </DCCReference>
        <DCCReference Include="FmGenericViewDlg.pas">
            <Form>GenericViewDlg</Form>
        </DCCReference>
        <DCCReference Include="FmNewHiliterNameDlg.pas">
            <Form>NewHiliterNameDlg</Form>
        </DCCReference>
        <DCCReference Include="FmPreferencesDlg.pas">
            <Form>PreferencesDlg</Form>
        </DCCReference>
        <DCCReference Include="FmPreviewDlg.pas">
            <Form>PreviewDlg</Form>
        </DCCReference>
        <DCCReference Include="FmPrintDlg.pas">
            <Form>PrintDlg</Form>
        </DCCReference>
        <DCCReference Include="FmRenameCategoryDlg.pas">
            <Form>RenameCategoryDlg</Form>
        </DCCReference>
        <DCCReference Include="FmSelectionSearchDlg.pas">
            <Form>SelectionSearchDlg</Form>
        </DCCReference>
        <DCCReference Include="FmSnippetsEditorDlg.pas">
            <Form>SnippetsEditorDlg</Form>
        </DCCReference>
        <DCCReference Include="FmSplash.pas">
            <Form>SplashForm</Form>
        </DCCReference>
        <DCCReference Include="FmSWAGImportDlg.pas"/>
        <DCCReference Include="FmTestCompileDlg.pas">
            <Form>TestCompileDlg</Form>
        </DCCReference>
        <DCCReference Include="FmTrappedBugReportDlg.pas">
            <Form>TrappedBugReportDlg</Form>
        </DCCReference>
        <DCCReference Include="FmUserBugReportDlg.pas">
            <Form>UserBugReportDlg</Form>
        </DCCReference>
        <DCCReference Include="FmUserDataPathDlg.pas">
            <Form>UserDataPathDlg</Form>
        </DCCReference>
        <DCCReference Include="FmUserHiliterMgrDlg.pas">
            <Form>UserHiliterMgrDlg</Form>
        </DCCReference>
        <DCCReference Include="FmWaitDlg.pas">
            <Form>WaitDlg</Form>
        </DCCReference>
        <DCCReference Include="FmWizardDlg.pas">
            <Form>WizardDlg</Form>
        </DCCReference>
        <DCCReference Include="UI.ThemeManager.pas"/>
        <DCCReference Include="FirstRun.FmV4ConfigDlg.pas">
            <Form>V4ConfigDlg</Form>
        </DCCReference>
        <DCCReference Include="FirstRun.FmWhatsNew.pas">
            <Form>WhatsNewDlg</Form>
        </DCCReference>
        <BuildConfiguration Include="Base">
            <Key>Base</Key>
        </BuildConfiguration>
        <BuildConfiguration Include="Debug">
            <Key>Cfg_1</Key>
            <CfgParent>Base</CfgParent>
        </BuildConfiguration>
        <BuildConfiguration Include="Release">
            <Key>Cfg_2</Key>
            <CfgParent>Base</CfgParent>
        </BuildConfiguration>
    </ItemGroup>
    <ProjectExtensions>
        <Borland.Personality>Delphi.Personality.12</Borland.Personality>
        <Borland.ProjectType>Application</Borland.ProjectType>
        <BorlandProject>
            <Delphi.Personality>
                <Source>
                    <Source Name="MainSource">CodeSnip.Caboli.dpr</Source>
                </Source>
                <Excluded_Packages>
                    <Excluded_Packages Name="$(BDSBIN)\dcloffice2k280.bpl">Microsoft Office 2000 Sample Automation Server Wrapper Components</Excluded_Packages>
                    <Excluded_Packages Name="$(BDSBIN)\dclofficexp280.bpl">Microsoft Office XP Sample Automation Server Wrapper Components</Excluded_Packages>
                </Excluded_Packages>
            </Delphi.Personality>
            <Deployment Version="4">
                <DeployFile LocalName="..\_build\Win64\Debug\exe\CodeSnip.Caboli.exe" Configuration="Debug" Class="ProjectOutput">
                    <Platform Name="Win64">
                        <RemoteName>CodeSnip_Caboli.exe</RemoteName>
                        <Overwrite>true</Overwrite>
                    </Platform>
                </DeployFile>
                <DeployFile LocalName="..\_build\Win64\Debug\exe\CodeSnip.Caboli.rsm" Configuration="Debug" Class="DebugSymbols">
                    <Platform Name="Win64">
                        <RemoteName>CodeSnip_Caboli.rsm</RemoteName>
                        <Overwrite>true</Overwrite>
                    </Platform>
                </DeployFile>
                <DeployFile LocalName="Res\Img\Branding\CodeSnip-logo-150x150.png" Configuration="Debug" Class="UWP_DelphiLogo150">
                    <Platform Name="Win32">
                        <RemoteDir>Assets\</RemoteDir>
                        <RemoteName>Logo150x150.png</RemoteName>
                        <Overwrite>true</Overwrite>
                    </Platform>
                </DeployFile>
                <DeployFile LocalName="Res\Img\Branding\CodeSnip-logo-150x150.png" Configuration="Debug" Class="UWP_DelphiLogo150">
                    <Platform Name="Win64">
                        <RemoteDir>Assets\</RemoteDir>
                        <RemoteName>Logo150x150.png</RemoteName>
                        <Overwrite>true</Overwrite>
                    </Platform>
                </DeployFile>
                <DeployFile LocalName="Res\Img\Branding\CodeSnip-logo-44x44.png" Configuration="Debug" Class="UWP_DelphiLogo44">
                    <Platform Name="Win32">
                        <RemoteDir>Assets\</RemoteDir>
                        <RemoteName>Logo44x44.png</RemoteName>
                        <Overwrite>true</Overwrite>
                    </Platform>
                </DeployFile>
                <DeployFile LocalName="Res\Img\Branding\CodeSnip-logo-44x44.png" Configuration="Debug" Class="UWP_DelphiLogo44">
                    <Platform Name="Win64">
                        <RemoteDir>Assets\</RemoteDir>
                        <RemoteName>Logo44x44.png</RemoteName>
                        <Overwrite>true</Overwrite>
                    </Platform>
                </DeployFile>
                <DeployFile LocalName="Win32\Debug\CodeSnip.Caboli.exe" Configuration="Debug" Class="ProjectOutput">
                    <Platform Name="Win32">
                        <RemoteName>CodeSnip_Caboli.exe</RemoteName>
                        <Overwrite>true</Overwrite>
                    </Platform>
                </DeployFile>
                <DeployClass Name="AdditionalDebugSymbols">
                    <Platform Name="iOSSimulator">
                        <Operation>1</Operation>
                    </Platform>
                    <Platform Name="OSX32">
                        <RemoteDir>Contents\MacOS</RemoteDir>
                        <Operation>1</Operation>
                    </Platform>
                    <Platform Name="Win32">
                        <Operation>0</Operation>
                    </Platform>
                </DeployClass>
                <DeployClass Name="AndroidClasses">
                    <Platform Name="Android">
                        <RemoteDir>classes</RemoteDir>
                        <Operation>64</Operation>
                    </Platform>
                    <Platform Name="Android64">
                        <RemoteDir>classes</RemoteDir>
                        <Operation>64</Operation>
                    </Platform>
                </DeployClass>
                <DeployClass Name="AndroidFileProvider">
                    <Platform Name="Android">
                        <RemoteDir>res\xml</RemoteDir>
                        <Operation>1</Operation>
                    </Platform>
                    <Platform Name="Android64">
                        <RemoteDir>res\xml</RemoteDir>
                        <Operation>1</Operation>
                    </Platform>
                </DeployClass>
                <DeployClass Name="AndroidGDBServer">
                    <Platform Name="Android">
                        <RemoteDir>library\lib\armeabi-v7a</RemoteDir>
                        <Operation>1</Operation>
                    </Platform>
                </DeployClass>
                <DeployClass Name="AndroidLibnativeArmeabiFile">
                    <Platform Name="Android">
                        <RemoteDir>library\lib\armeabi</RemoteDir>
                        <Operation>1</Operation>
                    </Platform>
                    <Platform Name="Android64">
                        <RemoteDir>library\lib\armeabi</RemoteDir>
                        <Operation>1</Operation>
                    </Platform>
                </DeployClass>
                <DeployClass Name="AndroidLibnativeArmeabiv7aFile">
                    <Platform Name="Android64">
                        <RemoteDir>library\lib\armeabi-v7a</RemoteDir>
                        <Operation>1</Operation>
                    </Platform>
                </DeployClass>
                <DeployClass Name="AndroidLibnativeMipsFile">
                    <Platform Name="Android">
                        <RemoteDir>library\lib\mips</RemoteDir>
                        <Operation>1</Operation>
                    </Platform>
                    <Platform Name="Android64">
                        <RemoteDir>library\lib\mips</RemoteDir>
                        <Operation>1</Operation>
                    </Platform>
                </DeployClass>
                <DeployClass Name="AndroidServiceOutput">
                    <Platform Name="Android">
                        <RemoteDir>library\lib\armeabi-v7a</RemoteDir>
                        <Operation>1</Operation>
                    </Platform>
                    <Platform Name="Android64">
                        <RemoteDir>library\lib\arm64-v8a</RemoteDir>
                        <Operation>1</Operation>
                    </Platform>
                </DeployClass>
                <DeployClass Name="AndroidServiceOutput_Android32">
                    <Platform Name="Android64">
                        <RemoteDir>library\lib\armeabi-v7a</RemoteDir>
                        <Operation>1</Operation>
                    </Platform>
                </DeployClass>
                <DeployClass Name="AndroidSplashImageDef">
                    <Platform Name="Android">
                        <RemoteDir>res\drawable</RemoteDir>
                        <Operation>1</Operation>
                    </Platform>
                    <Platform Name="Android64">
                        <RemoteDir>res\drawable</RemoteDir>
                        <Operation>1</Operation>
                    </Platform>
                </DeployClass>
                <DeployClass Name="AndroidSplashStyles">
                    <Platform Name="Android">
                        <RemoteDir>res\values</RemoteDir>
                        <Operation>1</Operation>
                    </Platform>
                    <Platform Name="Android64">
                        <RemoteDir>res\values</RemoteDir>
                        <Operation>1</Operation>
                    </Platform>
                </DeployClass>
                <DeployClass Name="AndroidSplashStylesV21">
                    <Platform Name="Android">
                        <RemoteDir>res\values-v21</RemoteDir>
                        <Operation>1</Operation>
                    </Platform>
                    <Platform Name="Android64">
                        <RemoteDir>res\values-v21</RemoteDir>
                        <Operation>1</Operation>
                    </Platform>
                </DeployClass>
                <DeployClass Name="Android_Colors">
                    <Platform Name="Android">
                        <RemoteDir>res\values</RemoteDir>
                        <Operation>1</Operation>
                    </Platform>
                    <Platform Name="Android64">
                        <RemoteDir>res\values</RemoteDir>
                        <Operation>1</Operation>
                    </Platform>
                </DeployClass>
                <DeployClass Name="Android_DefaultAppIcon">
                    <Platform Name="Android">
                        <RemoteDir>res\drawable</RemoteDir>
                        <Operation>1</Operation>
                    </Platform>
                    <Platform Name="Android64">
                        <RemoteDir>res\drawable</RemoteDir>
                        <Operation>1</Operation>
                    </Platform>
                </DeployClass>
                <DeployClass Name="Android_LauncherIcon144">
                    <Platform Name="Android">
                        <RemoteDir>res\drawable-xxhdpi</RemoteDir>
                        <Operation>1</Operation>
                    </Platform>
                    <Platform Name="Android64">
                        <RemoteDir>res\drawable-xxhdpi</RemoteDir>
                        <Operation>1</Operation>
                    </Platform>
                </DeployClass>
                <DeployClass Name="Android_LauncherIcon192">
                    <Platform Name="Android">
                        <RemoteDir>res\drawable-xxxhdpi</RemoteDir>
                        <Operation>1</Operation>
                    </Platform>
                    <Platform Name="Android64">
                        <RemoteDir>res\drawable-xxxhdpi</RemoteDir>
                        <Operation>1</Operation>
                    </Platform>
                </DeployClass>
                <DeployClass Name="Android_LauncherIcon36">
                    <Platform Name="Android">
                        <RemoteDir>res\drawable-ldpi</RemoteDir>
                        <Operation>1</Operation>
                    </Platform>
                    <Platform Name="Android64">
                        <RemoteDir>res\drawable-ldpi</RemoteDir>
                        <Operation>1</Operation>
                    </Platform>
                </DeployClass>
                <DeployClass Name="Android_LauncherIcon48">
                    <Platform Name="Android">
                        <RemoteDir>res\drawable-mdpi</RemoteDir>
                        <Operation>1</Operation>
                    </Platform>
                    <Platform Name="Android64">
                        <RemoteDir>res\drawable-mdpi</RemoteDir>
                        <Operation>1</Operation>
                    </Platform>
                </DeployClass>
                <DeployClass Name="Android_LauncherIcon72">
                    <Platform Name="Android">
                        <RemoteDir>res\drawable-hdpi</RemoteDir>
                        <Operation>1</Operation>
                    </Platform>
                    <Platform Name="Android64">
                        <RemoteDir>res\drawable-hdpi</RemoteDir>
                        <Operation>1</Operation>
                    </Platform>
                </DeployClass>
                <DeployClass Name="Android_LauncherIcon96">
                    <Platform Name="Android">
                        <RemoteDir>res\drawable-xhdpi</RemoteDir>
                        <Operation>1</Operation>
                    </Platform>
                    <Platform Name="Android64">
                        <RemoteDir>res\drawable-xhdpi</RemoteDir>
                        <Operation>1</Operation>
                    </Platform>
                </DeployClass>
                <DeployClass Name="Android_NotificationIcon24">
                    <Platform Name="Android">
                        <RemoteDir>res\drawable-mdpi</RemoteDir>
                        <Operation>1</Operation>
                    </Platform>
                    <Platform Name="Android64">
                        <RemoteDir>res\drawable-mdpi</RemoteDir>
                        <Operation>1</Operation>
                    </Platform>
                </DeployClass>
                <DeployClass Name="Android_NotificationIcon36">
                    <Platform Name="Android">
                        <RemoteDir>res\drawable-hdpi</RemoteDir>
                        <Operation>1</Operation>
                    </Platform>
                    <Platform Name="Android64">
                        <RemoteDir>res\drawable-hdpi</RemoteDir>
                        <Operation>1</Operation>
                    </Platform>
                </DeployClass>
                <DeployClass Name="Android_NotificationIcon48">
                    <Platform Name="Android">
                        <RemoteDir>res\drawable-xhdpi</RemoteDir>
                        <Operation>1</Operation>
                    </Platform>
                    <Platform Name="Android64">
                        <RemoteDir>res\drawable-xhdpi</RemoteDir>
                        <Operation>1</Operation>
                    </Platform>
                </DeployClass>
                <DeployClass Name="Android_NotificationIcon72">
                    <Platform Name="Android">
                        <RemoteDir>res\drawable-xxhdpi</RemoteDir>
                        <Operation>1</Operation>
                    </Platform>
                    <Platform Name="Android64">
                        <RemoteDir>res\drawable-xxhdpi</RemoteDir>
                        <Operation>1</Operation>
                    </Platform>
                </DeployClass>
                <DeployClass Name="Android_NotificationIcon96">
                    <Platform Name="Android">
                        <RemoteDir>res\drawable-xxxhdpi</RemoteDir>
                        <Operation>1</Operation>
                    </Platform>
                    <Platform Name="Android64">
                        <RemoteDir>res\drawable-xxxhdpi</RemoteDir>
                        <Operation>1</Operation>
                    </Platform>
                </DeployClass>
                <DeployClass Name="Android_SplashImage426">
                    <Platform Name="Android">
                        <RemoteDir>res\drawable-small</RemoteDir>
                        <Operation>1</Operation>
                    </Platform>
                    <Platform Name="Android64">
                        <RemoteDir>res\drawable-small</RemoteDir>
                        <Operation>1</Operation>
                    </Platform>
                </DeployClass>
                <DeployClass Name="Android_SplashImage470">
                    <Platform Name="Android">
                        <RemoteDir>res\drawable-normal</RemoteDir>
                        <Operation>1</Operation>
                    </Platform>
                    <Platform Name="Android64">
                        <RemoteDir>res\drawable-normal</RemoteDir>
                        <Operation>1</Operation>
                    </Platform>
                </DeployClass>
                <DeployClass Name="Android_SplashImage640">
                    <Platform Name="Android">
                        <RemoteDir>res\drawable-large</RemoteDir>
                        <Operation>1</Operation>
                    </Platform>
                    <Platform Name="Android64">
                        <RemoteDir>res\drawable-large</RemoteDir>
                        <Operation>1</Operation>
                    </Platform>
                </DeployClass>
                <DeployClass Name="Android_SplashImage960">
                    <Platform Name="Android">
                        <RemoteDir>res\drawable-xlarge</RemoteDir>
                        <Operation>1</Operation>
                    </Platform>
                    <Platform Name="Android64">
                        <RemoteDir>res\drawable-xlarge</RemoteDir>
                        <Operation>1</Operation>
                    </Platform>
                </DeployClass>
                <DeployClass Name="Android_Strings">
                    <Platform Name="Android">
                        <RemoteDir>res\values</RemoteDir>
                        <Operation>1</Operation>
                    </Platform>
                    <Platform Name="Android64">
                        <RemoteDir>res\values</RemoteDir>
                        <Operation>1</Operation>
                    </Platform>
                </DeployClass>
                <DeployClass Name="DebugSymbols">
                    <Platform Name="iOSSimulator">
                        <Operation>1</Operation>
                    </Platform>
                    <Platform Name="OSX32">
                        <RemoteDir>Contents\MacOS</RemoteDir>
                        <Operation>1</Operation>
                    </Platform>
                    <Platform Name="Win32">
                        <Operation>0</Operation>
                    </Platform>
                </DeployClass>
                <DeployClass Name="DependencyFramework">
                    <Platform Name="OSX32">
                        <RemoteDir>Contents\MacOS</RemoteDir>
                        <Operation>1</Operation>
                        <Extensions>.framework</Extensions>
                    </Platform>
                    <Platform Name="OSX64">
                        <RemoteDir>Contents\MacOS</RemoteDir>
                        <Operation>1</Operation>
                        <Extensions>.framework</Extensions>
                    </Platform>
                    <Platform Name="OSXARM64">
                        <RemoteDir>Contents\MacOS</RemoteDir>
                        <Operation>1</Operation>
                        <Extensions>.framework</Extensions>
                    </Platform>
                    <Platform Name="Win32">
                        <Operation>0</Operation>
                    </Platform>
                </DeployClass>
                <DeployClass Name="DependencyModule">
                    <Platform Name="iOSDevice32">
                        <Operation>1</Operation>
                        <Extensions>.dylib</Extensions>
                    </Platform>
                    <Platform Name="iOSDevice64">
                        <Operation>1</Operation>
                        <Extensions>.dylib</Extensions>
                    </Platform>
                    <Platform Name="iOSSimARM64">
                        <Operation>1</Operation>
                        <Extensions>.dylib</Extensions>
                    </Platform>
                    <Platform Name="OSX32">
                        <RemoteDir>Contents\MacOS</RemoteDir>
                        <Operation>1</Operation>
                        <Extensions>.dylib</Extensions>
                    </Platform>
                    <Platform Name="OSX64">
                        <RemoteDir>Contents\MacOS</RemoteDir>
                        <Operation>1</Operation>
                        <Extensions>.dylib</Extensions>
                    </Platform>
                    <Platform Name="OSXARM64">
                        <RemoteDir>Contents\MacOS</RemoteDir>
                        <Operation>1</Operation>
                        <Extensions>.dylib</Extensions>
                    </Platform>
                    <Platform Name="Win32">
                        <Operation>0</Operation>
                        <Extensions>.dll;.bpl</Extensions>
                    </Platform>
                </DeployClass>
                <DeployClass Required="true" Name="DependencyPackage">
                    <Platform Name="iOSDevice32">
                        <Operation>1</Operation>
                        <Extensions>.dylib</Extensions>
                    </Platform>
                    <Platform Name="iOSDevice64">
                        <Operation>1</Operation>
                        <Extensions>.dylib</Extensions>
                    </Platform>
                    <Platform Name="iOSSimARM64">
                        <Operation>1</Operation>
                        <Extensions>.dylib</Extensions>
                    </Platform>
                    <Platform Name="OSX32">
                        <RemoteDir>Contents\MacOS</RemoteDir>
                        <Operation>1</Operation>
                        <Extensions>.dylib</Extensions>
                    </Platform>
                    <Platform Name="OSX64">
                        <RemoteDir>Contents\MacOS</RemoteDir>
                        <Operation>1</Operation>
                        <Extensions>.dylib</Extensions>
                    </Platform>
                    <Platform Name="OSXARM64">
                        <RemoteDir>Contents\MacOS</RemoteDir>
                        <Operation>1</Operation>
                        <Extensions>.dylib</Extensions>
                    </Platform>
                    <Platform Name="Win32">
                        <Operation>0</Operation>
                        <Extensions>.bpl</Extensions>
                    </Platform>
                </DeployClass>
                <DeployClass Name="File">
                    <Platform Name="Android">
                        <Operation>0</Operation>
                    </Platform>
                    <Platform Name="Android64">
                        <Operation>0</Operation>
                    </Platform>
                    <Platform Name="iOSDevice32">
                        <Operation>0</Operation>
                    </Platform>
                    <Platform Name="iOSDevice64">
                        <Operation>0</Operation>
                    </Platform>
                    <Platform Name="iOSSimARM64">
                        <Operation>0</Operation>
                    </Platform>
                    <Platform Name="OSX32">
                        <RemoteDir>Contents\Resources\StartUp\</RemoteDir>
                        <Operation>0</Operation>
                    </Platform>
                    <Platform Name="OSX64">
                        <RemoteDir>Contents\Resources\StartUp\</RemoteDir>
                        <Operation>0</Operation>
                    </Platform>
                    <Platform Name="OSXARM64">
                        <RemoteDir>Contents\Resources\StartUp\</RemoteDir>
                        <Operation>0</Operation>
                    </Platform>
                    <Platform Name="Win32">
                        <Operation>0</Operation>
                    </Platform>
                </DeployClass>
                <DeployClass Name="iOS_AppStore1024">
                    <Platform Name="iOSDevice64">
                        <RemoteDir>..\$(PROJECTNAME).launchscreen\Assets\AppIcon.appiconset</RemoteDir>
                        <Operation>1</Operation>
                    </Platform>
                    <Platform Name="iOSSimARM64">
                        <RemoteDir>..\$(PROJECTNAME).launchscreen\Assets\AppIcon.appiconset</RemoteDir>
                        <Operation>1</Operation>
                    </Platform>
                </DeployClass>
                <DeployClass Name="iPad_AppIcon152">
                    <Platform Name="iOSDevice64">
                        <RemoteDir>..\$(PROJECTNAME).launchscreen\Assets\AppIcon.appiconset</RemoteDir>
                        <Operation>1</Operation>
                    </Platform>
                    <Platform Name="iOSSimARM64">
                        <RemoteDir>..\$(PROJECTNAME).launchscreen\Assets\AppIcon.appiconset</RemoteDir>
                        <Operation>1</Operation>
                    </Platform>
                </DeployClass>
                <DeployClass Name="iPad_AppIcon167">
                    <Platform Name="iOSDevice64">
                        <RemoteDir>..\$(PROJECTNAME).launchscreen\Assets\AppIcon.appiconset</RemoteDir>
                        <Operation>1</Operation>
                    </Platform>
                    <Platform Name="iOSSimARM64">
                        <RemoteDir>..\$(PROJECTNAME).launchscreen\Assets\AppIcon.appiconset</RemoteDir>
                        <Operation>1</Operation>
                    </Platform>
                </DeployClass>
                <DeployClass Name="iPad_Launch2x">
                    <Platform Name="iOSDevice64">
                        <RemoteDir>..\$(PROJECTNAME).launchscreen\Assets\LaunchScreenImage.imageset</RemoteDir>
                        <Operation>1</Operation>
                    </Platform>
                    <Platform Name="iOSSimARM64">
                        <RemoteDir>..\$(PROJECTNAME).launchscreen\Assets\LaunchScreenImage.imageset</RemoteDir>
                        <Operation>1</Operation>
                    </Platform>
                </DeployClass>
                <DeployClass Name="iPad_LaunchDark2x">
                    <Platform Name="iOSDevice64">
                        <RemoteDir>..\$(PROJECTNAME).launchscreen\Assets\LaunchScreenImage.imageset</RemoteDir>
                        <Operation>1</Operation>
                    </Platform>
                    <Platform Name="iOSSimARM64">
                        <RemoteDir>..\$(PROJECTNAME).launchscreen\Assets\LaunchScreenImage.imageset</RemoteDir>
                        <Operation>1</Operation>
                    </Platform>
                </DeployClass>
                <DeployClass Name="iPad_Notification40">
                    <Platform Name="iOSDevice64">
                        <RemoteDir>..\$(PROJECTNAME).launchscreen\Assets\AppIcon.appiconset</RemoteDir>
                        <Operation>1</Operation>
                    </Platform>
                    <Platform Name="iOSSimARM64">
                        <RemoteDir>..\$(PROJECTNAME).launchscreen\Assets\AppIcon.appiconset</RemoteDir>
                        <Operation>1</Operation>
                    </Platform>
                </DeployClass>
                <DeployClass Name="iPad_Setting58">
                    <Platform Name="iOSDevice64">
                        <RemoteDir>..\$(PROJECTNAME).launchscreen\Assets\AppIcon.appiconset</RemoteDir>
                        <Operation>1</Operation>
                    </Platform>
                    <Platform Name="iOSSimARM64">
                        <RemoteDir>..\$(PROJECTNAME).launchscreen\Assets\AppIcon.appiconset</RemoteDir>
                        <Operation>1</Operation>
                    </Platform>
                </DeployClass>
                <DeployClass Name="iPad_SpotLight80">
                    <Platform Name="iOSDevice64">
                        <RemoteDir>..\$(PROJECTNAME).launchscreen\Assets\AppIcon.appiconset</RemoteDir>
                        <Operation>1</Operation>
                    </Platform>
                    <Platform Name="iOSSimARM64">
                        <RemoteDir>..\$(PROJECTNAME).launchscreen\Assets\AppIcon.appiconset</RemoteDir>
                        <Operation>1</Operation>
                    </Platform>
                </DeployClass>
                <DeployClass Name="iPhone_AppIcon120">
                    <Platform Name="iOSDevice64">
                        <RemoteDir>..\$(PROJECTNAME).launchscreen\Assets\AppIcon.appiconset</RemoteDir>
                        <Operation>1</Operation>
                    </Platform>
                    <Platform Name="iOSSimARM64">
                        <RemoteDir>..\$(PROJECTNAME).launchscreen\Assets\AppIcon.appiconset</RemoteDir>
                        <Operation>1</Operation>
                    </Platform>
                </DeployClass>
                <DeployClass Name="iPhone_AppIcon180">
                    <Platform Name="iOSDevice64">
                        <RemoteDir>..\$(PROJECTNAME).launchscreen\Assets\AppIcon.appiconset</RemoteDir>
                        <Operation>1</Operation>
                    </Platform>
                    <Platform Name="iOSSimARM64">
                        <RemoteDir>..\$(PROJECTNAME).launchscreen\Assets\AppIcon.appiconset</RemoteDir>
                        <Operation>1</Operation>
                    </Platform>
                </DeployClass>
                <DeployClass Name="iPhone_Launch2x">
                    <Platform Name="iOSDevice64">
                        <RemoteDir>..\$(PROJECTNAME).launchscreen\Assets\LaunchScreenImage.imageset</RemoteDir>
                        <Operation>1</Operation>
                    </Platform>
                    <Platform Name="iOSSimARM64">
                        <RemoteDir>..\$(PROJECTNAME).launchscreen\Assets\LaunchScreenImage.imageset</RemoteDir>
                        <Operation>1</Operation>
                    </Platform>
                </DeployClass>
                <DeployClass Name="iPhone_Launch3x">
                    <Platform Name="iOSDevice64">
                        <RemoteDir>..\$(PROJECTNAME).launchscreen\Assets\LaunchScreenImage.imageset</RemoteDir>
                        <Operation>1</Operation>
                    </Platform>
                    <Platform Name="iOSSimARM64">
                        <RemoteDir>..\$(PROJECTNAME).launchscreen\Assets\LaunchScreenImage.imageset</RemoteDir>
                        <Operation>1</Operation>
                    </Platform>
                </DeployClass>
                <DeployClass Name="iPhone_LaunchDark2x">
                    <Platform Name="iOSDevice64">
                        <RemoteDir>..\$(PROJECTNAME).launchscreen\Assets\LaunchScreenImage.imageset</RemoteDir>
                        <Operation>1</Operation>
                    </Platform>
                    <Platform Name="iOSSimARM64">
                        <RemoteDir>..\$(PROJECTNAME).launchscreen\Assets\LaunchScreenImage.imageset</RemoteDir>
                        <Operation>1</Operation>
                    </Platform>
                </DeployClass>
                <DeployClass Name="iPhone_LaunchDark3x">
                    <Platform Name="iOSDevice64">
                        <RemoteDir>..\$(PROJECTNAME).launchscreen\Assets\LaunchScreenImage.imageset</RemoteDir>
                        <Operation>1</Operation>
                    </Platform>
                    <Platform Name="iOSSimARM64">
                        <RemoteDir>..\$(PROJECTNAME).launchscreen\Assets\LaunchScreenImage.imageset</RemoteDir>
                        <Operation>1</Operation>
                    </Platform>
                </DeployClass>
                <DeployClass Name="iPhone_Notification40">
                    <Platform Name="iOSDevice64">
                        <RemoteDir>..\$(PROJECTNAME).launchscreen\Assets\AppIcon.appiconset</RemoteDir>
                        <Operation>1</Operation>
                    </Platform>
                    <Platform Name="iOSSimARM64">
                        <RemoteDir>..\$(PROJECTNAME).launchscreen\Assets\AppIcon.appiconset</RemoteDir>
                        <Operation>1</Operation>
                    </Platform>
                </DeployClass>
                <DeployClass Name="iPhone_Notification60">
                    <Platform Name="iOSDevice64">
                        <RemoteDir>..\$(PROJECTNAME).launchscreen\Assets\AppIcon.appiconset</RemoteDir>
                        <Operation>1</Operation>
                    </Platform>
                    <Platform Name="iOSSimARM64">
                        <RemoteDir>..\$(PROJECTNAME).launchscreen\Assets\AppIcon.appiconset</RemoteDir>
                        <Operation>1</Operation>
                    </Platform>
                </DeployClass>
                <DeployClass Name="iPhone_Setting58">
                    <Platform Name="iOSDevice64">
                        <RemoteDir>..\$(PROJECTNAME).launchscreen\Assets\AppIcon.appiconset</RemoteDir>
                        <Operation>1</Operation>
                    </Platform>
                    <Platform Name="iOSSimARM64">
                        <RemoteDir>..\$(PROJECTNAME).launchscreen\Assets\AppIcon.appiconset</RemoteDir>
                        <Operation>1</Operation>
                    </Platform>
                </DeployClass>
                <DeployClass Name="iPhone_Setting87">
                    <Platform Name="iOSDevice64">
                        <RemoteDir>..\$(PROJECTNAME).launchscreen\Assets\AppIcon.appiconset</RemoteDir>
                        <Operation>1</Operation>
                    </Platform>
                    <Platform Name="iOSSimARM64">
                        <RemoteDir>..\$(PROJECTNAME).launchscreen\Assets\AppIcon.appiconset</RemoteDir>
                        <Operation>1</Operation>
                    </Platform>
                </DeployClass>
                <DeployClass Name="iPhone_Spotlight120">
                    <Platform Name="iOSDevice64">
                        <RemoteDir>..\$(PROJECTNAME).launchscreen\Assets\AppIcon.appiconset</RemoteDir>
                        <Operation>1</Operation>
                    </Platform>
                    <Platform Name="iOSSimARM64">
                        <RemoteDir>..\$(PROJECTNAME).launchscreen\Assets\AppIcon.appiconset</RemoteDir>
                        <Operation>1</Operation>
                    </Platform>
                </DeployClass>
                <DeployClass Name="iPhone_Spotlight80">
                    <Platform Name="iOSDevice64">
                        <RemoteDir>..\$(PROJECTNAME).launchscreen\Assets\AppIcon.appiconset</RemoteDir>
                        <Operation>1</Operation>
                    </Platform>
                    <Platform Name="iOSSimARM64">
                        <RemoteDir>..\$(PROJECTNAME).launchscreen\Assets\AppIcon.appiconset</RemoteDir>
                        <Operation>1</Operation>
                    </Platform>
                </DeployClass>
                <DeployClass Name="ProjectAndroidManifest">
                    <Platform Name="Android">
                        <Operation>1</Operation>
                    </Platform>
                    <Platform Name="Android64">
                        <Operation>1</Operation>
                    </Platform>
                </DeployClass>
                <DeployClass Name="ProjectiOSDeviceDebug">
                    <Platform Name="iOSDevice32">
                        <RemoteDir>..\$(PROJECTNAME).app.dSYM\Contents\Resources\DWARF</RemoteDir>
                        <Operation>1</Operation>
                    </Platform>
                    <Platform Name="iOSDevice64">
                        <RemoteDir>..\$(PROJECTNAME).app.dSYM\Contents\Resources\DWARF</RemoteDir>
                        <Operation>1</Operation>
                    </Platform>
                    <Platform Name="iOSSimARM64">
                        <RemoteDir>..\$(PROJECTNAME).app.dSYM\Contents\Resources\DWARF</RemoteDir>
                        <Operation>1</Operation>
                    </Platform>
                </DeployClass>
                <DeployClass Name="ProjectiOSEntitlements">
                    <Platform Name="iOSDevice32">
                        <RemoteDir>..\</RemoteDir>
                        <Operation>1</Operation>
                    </Platform>
                    <Platform Name="iOSDevice64">
                        <RemoteDir>..\</RemoteDir>
                        <Operation>1</Operation>
                    </Platform>
                    <Platform Name="iOSSimARM64">
                        <RemoteDir>..\</RemoteDir>
                        <Operation>1</Operation>
                    </Platform>
                </DeployClass>
                <DeployClass Name="ProjectiOSInfoPList">
                    <Platform Name="iOSDevice32">
                        <Operation>1</Operation>
                    </Platform>
                    <Platform Name="iOSDevice64">
                        <Operation>1</Operation>
                    </Platform>
                    <Platform Name="iOSSimARM64">
                        <Operation>1</Operation>
                    </Platform>
                </DeployClass>
                <DeployClass Name="ProjectiOSLaunchScreen">
                    <Platform Name="iOSDevice64">
                        <RemoteDir>..\$(PROJECTNAME).launchscreen</RemoteDir>
                        <Operation>64</Operation>
                    </Platform>
                    <Platform Name="iOSSimARM64">
                        <RemoteDir>..\$(PROJECTNAME).launchscreen</RemoteDir>
                        <Operation>64</Operation>
                    </Platform>
                </DeployClass>
                <DeployClass Name="ProjectiOSResource">
                    <Platform Name="iOSDevice32">
                        <Operation>1</Operation>
                    </Platform>
                    <Platform Name="iOSDevice64">
                        <Operation>1</Operation>
                    </Platform>
                    <Platform Name="iOSSimARM64">
                        <Operation>1</Operation>
                    </Platform>
                </DeployClass>
                <DeployClass Name="ProjectOSXDebug">
                    <Platform Name="OSX64">
                        <RemoteDir>..\$(PROJECTNAME).app.dSYM\Contents\Resources\DWARF</RemoteDir>
                        <Operation>1</Operation>
                    </Platform>
                    <Platform Name="OSXARM64">
                        <RemoteDir>..\$(PROJECTNAME).app.dSYM\Contents\Resources\DWARF</RemoteDir>
                        <Operation>1</Operation>
                    </Platform>
                </DeployClass>
                <DeployClass Name="ProjectOSXEntitlements">
                    <Platform Name="OSX32">
                        <RemoteDir>..\</RemoteDir>
                        <Operation>1</Operation>
                    </Platform>
                    <Platform Name="OSX64">
                        <RemoteDir>..\</RemoteDir>
                        <Operation>1</Operation>
                    </Platform>
                    <Platform Name="OSXARM64">
                        <RemoteDir>..\</RemoteDir>
                        <Operation>1</Operation>
                    </Platform>
                </DeployClass>
                <DeployClass Name="ProjectOSXInfoPList">
                    <Platform Name="OSX32">
                        <RemoteDir>Contents</RemoteDir>
                        <Operation>1</Operation>
                    </Platform>
                    <Platform Name="OSX64">
                        <RemoteDir>Contents</RemoteDir>
                        <Operation>1</Operation>
                    </Platform>
                    <Platform Name="OSXARM64">
                        <RemoteDir>Contents</RemoteDir>
                        <Operation>1</Operation>
                    </Platform>
                </DeployClass>
                <DeployClass Name="ProjectOSXResource">
                    <Platform Name="OSX32">
                        <RemoteDir>Contents\Resources</RemoteDir>
                        <Operation>1</Operation>
                    </Platform>
                    <Platform Name="OSX64">
                        <RemoteDir>Contents\Resources</RemoteDir>
                        <Operation>1</Operation>
                    </Platform>
                    <Platform Name="OSXARM64">
                        <RemoteDir>Contents\Resources</RemoteDir>
                        <Operation>1</Operation>
                    </Platform>
                </DeployClass>
                <DeployClass Required="true" Name="ProjectOutput">
                    <Platform Name="Android">
                        <RemoteDir>library\lib\armeabi-v7a</RemoteDir>
                        <Operation>1</Operation>
                    </Platform>
                    <Platform Name="Android64">
                        <RemoteDir>library\lib\arm64-v8a</RemoteDir>
                        <Operation>1</Operation>
                    </Platform>
                    <Platform Name="iOSDevice32">
                        <Operation>1</Operation>
                    </Platform>
                    <Platform Name="iOSDevice64">
                        <Operation>1</Operation>
                    </Platform>
                    <Platform Name="iOSSimARM64">
                        <Operation>1</Operation>
                    </Platform>
                    <Platform Name="Linux64">
                        <Operation>1</Operation>
                    </Platform>
                    <Platform Name="OSX32">
                        <RemoteDir>Contents\MacOS</RemoteDir>
                        <Operation>1</Operation>
                    </Platform>
                    <Platform Name="OSX64">
                        <RemoteDir>Contents\MacOS</RemoteDir>
                        <Operation>1</Operation>
                    </Platform>
                    <Platform Name="OSXARM64">
                        <RemoteDir>Contents\MacOS</RemoteDir>
                        <Operation>1</Operation>
                    </Platform>
                    <Platform Name="Win32">
                        <Operation>0</Operation>
                    </Platform>
                </DeployClass>
                <DeployClass Name="ProjectOutput_Android32">
                    <Platform Name="Android64">
                        <RemoteDir>library\lib\armeabi-v7a</RemoteDir>
                        <Operation>1</Operation>
                    </Platform>
                </DeployClass>
                <DeployClass Name="ProjectUWPManifest">
                    <Platform Name="Win32">
                        <Operation>1</Operation>
                    </Platform>
                    <Platform Name="Win64">
                        <Operation>1</Operation>
                    </Platform>
                </DeployClass>
                <DeployClass Name="UWP_DelphiLogo150">
                    <Platform Name="Win32">
                        <RemoteDir>Assets</RemoteDir>
                        <Operation>1</Operation>
                    </Platform>
                    <Platform Name="Win64">
                        <RemoteDir>Assets</RemoteDir>
                        <Operation>1</Operation>
                    </Platform>
                </DeployClass>
                <DeployClass Name="UWP_DelphiLogo44">
                    <Platform Name="Win32">
                        <RemoteDir>Assets</RemoteDir>
                        <Operation>1</Operation>
                    </Platform>
                    <Platform Name="Win64">
                        <RemoteDir>Assets</RemoteDir>
                        <Operation>1</Operation>
                    </Platform>
                </DeployClass>
                <ProjectRoot Platform="Android" Name="$(PROJECTNAME)"/>
                <ProjectRoot Platform="Android64" Name="$(PROJECTNAME)"/>
                <ProjectRoot Platform="iOSDevice32" Name="$(PROJECTNAME).app"/>
                <ProjectRoot Platform="iOSDevice64" Name="$(PROJECTNAME).app"/>
                <ProjectRoot Platform="iOSSimARM64" Name="$(PROJECTNAME).app"/>
                <ProjectRoot Platform="Linux64" Name="$(PROJECTNAME)"/>
                <ProjectRoot Platform="OSX32" Name="$(PROJECTNAME).app"/>
                <ProjectRoot Platform="OSX64" Name="$(PROJECTNAME).app"/>
                <ProjectRoot Platform="OSXARM64" Name="$(PROJECTNAME).app"/>
                <ProjectRoot Platform="Win32" Name="$(PROJECTNAME)"/>
                <ProjectRoot Platform="Win64" Name="$(PROJECTNAME)"/>
            </Deployment>
            <Platforms>
                <Platform value="Win32">True</Platform>
                <Platform value="Win64">True</Platform>
            </Platforms>
        </BorlandProject>
        <ProjectFileVersion>12</ProjectFileVersion>
    </ProjectExtensions>
    <Import Project="$(BDS)\Bin\CodeGear.Delphi.Targets" Condition="Exists('$(BDS)\Bin\CodeGear.Delphi.Targets')"/>
    <Import Project="$(APPDATA)\Embarcadero\$(BDSAPPDATABASEDIR)\$(PRODUCTVERSION)\UserTools.proj" Condition="Exists('$(APPDATA)\Embarcadero\$(BDSAPPDATABASEDIR)\$(PRODUCTVERSION)\UserTools.proj')"/>
    <Import Project="$(MSBuildProjectName).deployproj" Condition="Exists('$(MSBuildProjectName).deployproj')"/>
</Project>
