	<Project xmlns="http://schemas.microsoft.com/developer/msbuild/2003">
		<PropertyGroup>
			<ProjectGuid>{E9BA6DD9-88FB-4E27-9E85-5CC7B040913A}</ProjectGuid>
			<ProjectVersion>12.3</ProjectVersion>
			<MainSource>CSHighlighterTests.dpr</MainSource>
			<Base>True</Base>
			<Config Condition="'$(Config)'==''">Debug</Config>
			<Platform>Win32</Platform>
			<AppType>Application</AppType>
			<FrameworkType>VCL</FrameworkType>
			<DCC_DCCCompiler>DCC32</DCC_DCCCompiler>
		</PropertyGroup>
		<PropertyGroup Condition="'$(Config)'=='Base' or '$(Base)'!=''">
			<Base>true</Base>
		</PropertyGroup>
		<PropertyGroup Condition="'$(Config)'=='Debug' or '$(Cfg_1)'!=''">
			<Cfg_1>true</Cfg_1>
			<CfgParent>Base</CfgParent>
			<Base>true</Base>
		</PropertyGroup>
		<PropertyGroup Condition="'$(Config)'=='Release' or '$(Cfg_2)'!=''">
			<Cfg_2>true</Cfg_2>
			<CfgParent>Base</CfgParent>
			<Base>true</Base>
		</PropertyGroup>
		<PropertyGroup Condition="'$(Base)'!=''">
			<DCC_ImageBase>00400000</DCC_ImageBase>
			<DCC_DcuOutput>.\$(Config)\$(Platform)</DCC_DcuOutput>
			<DCC_UnitAlias>WinTypes=Windows;WinProcs=Windows;DbiTypes=BDE;DbiProcs=BDE;$(DCC_UnitAlias)</DCC_UnitAlias>
			<DCC_ExeOutput>.\$(Config)\$(Platform)</DCC_ExeOutput>
		</PropertyGroup>
		<PropertyGroup Condition="'$(Cfg_1)'!=''">
			<DCC_UnitSearchPath>..\SynEditUnits;$(DCC_UnitSearchPath)</DCC_UnitSearchPath>
			<DCC_ExeOutput>..\..\..\Exe</DCC_ExeOutput>
			<BRCC_OutputDir>..\..\..\Bin\CSHighlighterTests</BRCC_OutputDir>
			<DCC_DcuOutput>..\..\..\Bin\CSHighlighterTests</DCC_DcuOutput>
			<DCC_Define>DEBUG;$(DCC_Define)</DCC_Define>
			<DCC_Optimize>false</DCC_Optimize>
			<DCC_GenerateStackFrames>true</DCC_GenerateStackFrames>
		</PropertyGroup>
		<PropertyGroup Condition="'$(Cfg_2)'!=''">
			<DCC_LocalDebugSymbols>false</DCC_LocalDebugSymbols>
			<DCC_Define>RELEASE;$(DCC_Define)</DCC_Define>
			<DCC_SymbolReferenceInfo>0</DCC_SymbolReferenceInfo>
			<DCC_DebugInformation>false</DCC_DebugInformation>
		</PropertyGroup>
		<ItemGroup>
			<DelphiCompile Include="CSHighlighterTests.dpr">
				<MainSource>MainSource</MainSource>
			</DelphiCompile>
			<RcCompile Include="..\Highlighters\Themes.rc">
				<Form>Themes.res</Form>
			</RcCompile>
			<DCCReference Include="FmTestMain.pas">
				<Form>MainTestForm</Form>
			</DCCReference>
			<DCCReference Include="..\Highlighters\CS.Hiliter.Themes.pas"/>
			<DCCReference Include="..\Highlighters\CS.Hiliter.Themes.Persist.pas"/>
			<DCCReference Include="..\..\TrunkSrc\UExceptions.pas"/>
			<DCCReference Include="..\..\TrunkSrc\UComparers.pas"/>
			<DCCReference Include="..\..\TrunkSrc\UStrUtils.pas"/>
			<DCCReference Include="..\..\TrunkSrc\UConsts.pas"/>
			<DCCReference Include="..\..\TrunkSrc\UBaseObjects.pas"/>
			<DCCReference Include="..\..\TrunkSrc\UStructs.pas"/>
			<DCCReference Include="..\..\TrunkSrc\UIStringList.pas"/>
			<DCCReference Include="..\..\TrunkSrc\IntfCommon.pas"/>
			<DCCReference Include="..\..\TrunkSrc\UEncodings.pas"/>
			<DCCReference Include="..\..\TrunkSrc\ULocales.pas"/>
			<DCCReference Include="..\..\TrunkSrc\USystemInfo.pas"/>
			<DCCReference Include="..\..\TrunkSrc\3rdParty\PJSysInfo.pas"/>
			<DCCReference Include="..\..\TrunkSrc\UIOUtils.pas"/>
			<DCCReference Include="..\..\TrunkSrc\UResourceUtils.pas"/>
			<DCCReference Include="..\..\TrunkSrc\UURIEncode.pas"/>
			<DCCReference Include="..\Highlighters\CS.Hiliter.Brushes.pas"/>
			<DCCReference Include="..\SynEditUnits\SynEditHighlighter.pas"/>
			<DCCReference Include="..\SynEditUnits\SynEditTypes.pas"/>
			<DCCReference Include="..\SynEditUnits\SynEditMiscClasses.pas"/>
			<DCCReference Include="..\SynEditUnits\SynEditKeyConst.pas"/>
			<DCCReference Include="..\SynEditUnits\SynUnicode.pas"/>
			<DCCReference Include="..\SynEditUnits\SynEditTextBuffer.pas"/>
			<DCCReference Include="..\SynEditUnits\SynEditMiscProcs.pas"/>
			<DCCReference Include="..\SynEditUnits\SynEditHighlighterOptions.pas"/>
			<DCCReference Include="..\SynEditUnits\SynHighlighterMulti.pas"/>
			<DCCReference Include="..\SynEditUnits\SynRegExpr.pas"/>
			<DCCReference Include="..\SynEditUnits\SynEditStrConst.pas"/>
			<DCCReference Include="..\SynEditUnits\SynHighlighterHtml.pas"/>
			<DCCReference Include="..\SynEditUnits\SynHighlighterJScript.pas"/>
			<DCCReference Include="..\SynEditUnits\SynHighlighterPas.pas"/>
			<DCCReference Include="..\SynEditUnits\SynHighlighterPHP.pas"/>
			<DCCReference Include="..\CodeEditor\CS.CodeEditor.Frame.pas">
				<Form>TCodeEditorFrame</Form>
				<DesignClass>TFrame</DesignClass>
			</DCCReference>
			<DCCReference Include="..\SynEditUnits\SynEdit.pas"/>
			<DCCReference Include="..\SynEditUnits\SynTextDrawer.pas"/>
			<DCCReference Include="..\SynEditUnits\SynEditKeyCmds.pas"/>
			<DCCReference Include="..\SynEditUnits\SynEditKbdHandler.pas"/>
			<DCCReference Include="..\SynEditUnits\SynEditWordWrap.pas"/>
			<DCCReference Include="..\Highlighters\CS.Hiliter.Parser.pas"/>
			<DCCReference Include="..\Highlighters\CS.Hiliter.Renderers.Globals.pas"/>
			<DCCReference Include="..\Highlighters\CS.Hiliter.Renderers.pas"/>
			<DCCReference Include="..\..\TrunkSrc\UHTMLBuilder.pas"/>
			<DCCReference Include="..\..\TrunkSrc\UHTMLUtils.pas"/>
			<DCCReference Include="..\..\TrunkSrc\UCSSUtils.pas"/>
			<DCCReference Include="..\..\TrunkSrc\URTFBuilder.pas"/>
			<DCCReference Include="..\..\TrunkSrc\URTFStyles.pas"/>
			<DCCReference Include="..\..\TrunkSrc\URTFUtils.pas"/>
			<DCCReference Include="..\..\TrunkSrc\UUtils.pas"/>
			<DCCReference Include="..\..\TrunkSrc\UCSSBuilder.pas"/>
			<DCCReference Include="..\Highlighters\CS.Hiliter.Renderers.CSS.pas"/>
			<None Include="..\Highlighters\BuiltInHiliterThemes.txt"/>
			<None Include="..\SynEditUnits\SynEdit.inc"/>
			<None Include="..\SynEditUnits\SynEditJedi.inc"/>
			<BuildConfiguration Include="Release">
				<Key>Cfg_2</Key>
				<CfgParent>Base</CfgParent>
			</BuildConfiguration>
			<BuildConfiguration Include="Base">
				<Key>Base</Key>
			</BuildConfiguration>
			<BuildConfiguration Include="Debug">
				<Key>Cfg_1</Key>
				<CfgParent>Base</CfgParent>
			</BuildConfiguration>
		</ItemGroup>
		<Import Condition="Exists('$(BDS)\Bin\CodeGear.Delphi.Targets')" Project="$(BDS)\Bin\CodeGear.Delphi.Targets"/>
		<Import Condition="Exists('$(APPDATA)\Embarcadero\$(BDSAPPDATABASEDIR)\$(PRODUCTVERSION)\UserTools.proj')" Project="$(APPDATA)\Embarcadero\$(BDSAPPDATABASEDIR)\$(PRODUCTVERSION)\UserTools.proj"/>
		<ProjectExtensions>
			<Borland.Personality>Delphi.Personality.12</Borland.Personality>
			<Borland.ProjectType/>
			<BorlandProject>
				<Delphi.Personality>
					<VersionInfo>
						<VersionInfo Name="IncludeVerInfo">False</VersionInfo>
						<VersionInfo Name="AutoIncBuild">False</VersionInfo>
						<VersionInfo Name="MajorVer">1</VersionInfo>
						<VersionInfo Name="MinorVer">0</VersionInfo>
						<VersionInfo Name="Release">0</VersionInfo>
						<VersionInfo Name="Build">0</VersionInfo>
						<VersionInfo Name="Debug">False</VersionInfo>
						<VersionInfo Name="PreRelease">False</VersionInfo>
						<VersionInfo Name="Special">False</VersionInfo>
						<VersionInfo Name="Private">False</VersionInfo>
						<VersionInfo Name="DLL">False</VersionInfo>
						<VersionInfo Name="Locale">2057</VersionInfo>
						<VersionInfo Name="CodePage">1252</VersionInfo>
					</VersionInfo>
					<VersionInfoKeys>
						<VersionInfoKeys Name="CompanyName"/>
						<VersionInfoKeys Name="FileDescription"/>
						<VersionInfoKeys Name="FileVersion">1.0.0.0</VersionInfoKeys>
						<VersionInfoKeys Name="InternalName"/>
						<VersionInfoKeys Name="LegalCopyright"/>
						<VersionInfoKeys Name="LegalTrademarks"/>
						<VersionInfoKeys Name="OriginalFilename"/>
						<VersionInfoKeys Name="ProductName"/>
						<VersionInfoKeys Name="ProductVersion">1.0.0.0</VersionInfoKeys>
						<VersionInfoKeys Name="Comments"/>
					</VersionInfoKeys>
					<Source>
						<Source Name="MainSource">CSHighlighterTests.dpr</Source>
					</Source>
				</Delphi.Personality>
				<Platforms>
					<Platform value="Win32">True</Platform>
				</Platforms>
			</BorlandProject>
			<ProjectFileVersion>12</ProjectFileVersion>
		</ProjectExtensions>
	</Project>
